// !$*UTF8*$!
{
	archiveVersion = 1;
	classes = {
	};
	objectVersion = 70;
	objects = {

/* Begin PBXBuildFile section */
		260F07592D1E1DC700DB71C5 /* MeView.swift in Sources */ = {isa = PBXBuildFile; fileRef = 260F07582D1E1DC700DB71C5 /* MeView.swift */; };
		260F075B2D1E1E6500DB71C5 /* FriendsView.swift in Sources */ = {isa = PBXBuildFile; fileRef = 260F075A2D1E1E6500DB71C5 /* FriendsView.swift */; };
		260F075D2D1E20D500DB71C5 /* ErrorWrapper.swift in Sources */ = {isa = PBXBuildFile; fileRef = 260F075C2D1E20D500DB71C5 /* ErrorWrapper.swift */; };
		260F075F2D1E211900DB71C5 /* ImagePicker.swift in Sources */ = {isa = PBXBuildFile; fileRef = 260F075E2D1E211900DB71C5 /* ImagePicker.swift */; };
		260F07612D3032BB00DB71C5 /* SoundManager.swift in Sources */ = {isa = PBXBuildFile; fileRef = 260F07602D3032BB00DB71C5 /* SoundManager.swift */; };
		260F07632D3032D400DB71C5 /* SettingsManager.swift in Sources */ = {isa = PBXBuildFile; fileRef = 260F07622D3032D400DB71C5 /* SettingsManager.swift */; };
		260F07652D309C3E00DB71C5 /* MediaInteractionView.swift in Sources */ = {isa = PBXBuildFile; fileRef = 260F07642D309C3E00DB71C5 /* MediaInteractionView.swift */; };
		260F07672D309C6B00DB71C5 /* MediaProtocols.swift in Sources */ = {isa = PBXBuildFile; fileRef = 260F07662D309C6B00DB71C5 /* MediaProtocols.swift */; };
		260F07692D309E0C00DB71C5 /* MediaInteractionViewWrapper.swift in Sources */ = {isa = PBXBuildFile; fileRef = 260F07682D309E0C00DB71C5 /* MediaInteractionViewWrapper.swift */; };
		260F076B2D30B12400DB71C5 /* SingleImageScoringView.swift in Sources */ = {isa = PBXBuildFile; fileRef = 260F076A2D30B12400DB71C5 /* SingleImageScoringView.swift */; };
		260F076D2D30B12D00DB71C5 /* SingleVideoScoringView.swift in Sources */ = {isa = PBXBuildFile; fileRef = 260F076C2D30B12D00DB71C5 /* SingleVideoScoringView.swift */; };
		260F076F2D30C44200DB71C5 /* PairScoringView.swift in Sources */ = {isa = PBXBuildFile; fileRef = 260F076E2D30C44200DB71C5 /* PairScoringView.swift */; };
		261395BF2CAD837A001D6BC9 /* FirebaseAnalytics in Frameworks */ = {isa = PBXBuildFile; productRef = 261395BE2CAD837A001D6BC9 /* FirebaseAnalytics */; };
		261395C12CAD837A001D6BC9 /* FirebaseAnalyticsOnDeviceConversion in Frameworks */ = {isa = PBXBuildFile; productRef = 261395C02CAD837A001D6BC9 /* FirebaseAnalyticsOnDeviceConversion */; };
		261395C32CAD837A001D6BC9 /* FirebaseAnalyticsWithoutAdIdSupport in Frameworks */ = {isa = PBXBuildFile; productRef = 261395C22CAD837A001D6BC9 /* FirebaseAnalyticsWithoutAdIdSupport */; };
		261395C52CAD837A001D6BC9 /* FirebaseAppCheck in Frameworks */ = {isa = PBXBuildFile; productRef = 261395C42CAD837A001D6BC9 /* FirebaseAppCheck */; };
		261395C72CAD837A001D6BC9 /* FirebaseAppDistribution-Beta in Frameworks */ = {isa = PBXBuildFile; productRef = 261395C62CAD837A001D6BC9 /* FirebaseAppDistribution-Beta */; };
		261395CC2CAEF284001D6BC9 /* AuthViewModel.swift in Sources */ = {isa = PBXBuildFile; fileRef = 261395CB2CAEF284001D6BC9 /* AuthViewModel.swift */; };
		261395CF2CAEF469001D6BC9 /* FirebaseAuth in Frameworks */ = {isa = PBXBuildFile; productRef = 261395CE2CAEF469001D6BC9 /* FirebaseAuth */; };
		261395D12CAEF485001D6BC9 /* FirebaseAuthCombine-Community in Frameworks */ = {isa = PBXBuildFile; productRef = 261395D02CAEF485001D6BC9 /* FirebaseAuthCombine-Community */; };
		261395D32CAEF485001D6BC9 /* FirebaseCore in Frameworks */ = {isa = PBXBuildFile; productRef = 261395D22CAEF485001D6BC9 /* FirebaseCore */; };
		261395D52CAEF485001D6BC9 /* FirebaseCrashlytics in Frameworks */ = {isa = PBXBuildFile; productRef = 261395D42CAEF485001D6BC9 /* FirebaseCrashlytics */; };
		261395D72CAEF485001D6BC9 /* FirebaseDatabase in Frameworks */ = {isa = PBXBuildFile; productRef = 261395D62CAEF485001D6BC9 /* FirebaseDatabase */; };
		261395D92CAEF485001D6BC9 /* FirebaseDynamicLinks in Frameworks */ = {isa = PBXBuildFile; productRef = 261395D82CAEF485001D6BC9 /* FirebaseDynamicLinks */; };
		261395DB2CAEF485001D6BC9 /* FirebaseFirestore in Frameworks */ = {isa = PBXBuildFile; productRef = 261395DA2CAEF485001D6BC9 /* FirebaseFirestore */; };
		261395DD2CAEF485001D6BC9 /* FirebaseFirestoreCombine-Community in Frameworks */ = {isa = PBXBuildFile; productRef = 261395DC2CAEF485001D6BC9 /* FirebaseFirestoreCombine-Community */; };
		261395DF2CAEF485001D6BC9 /* FirebaseFunctions in Frameworks */ = {isa = PBXBuildFile; productRef = 261395DE2CAEF485001D6BC9 /* FirebaseFunctions */; };
		261395E12CAEF485001D6BC9 /* FirebaseFunctionsCombine-Community in Frameworks */ = {isa = PBXBuildFile; productRef = 261395E02CAEF485001D6BC9 /* FirebaseFunctionsCombine-Community */; };
		261395E32CAEF485001D6BC9 /* FirebaseInAppMessaging-Beta in Frameworks */ = {isa = PBXBuildFile; productRef = 261395E22CAEF485001D6BC9 /* FirebaseInAppMessaging-Beta */; };
		261395E52CAEF485001D6BC9 /* FirebaseInstallations in Frameworks */ = {isa = PBXBuildFile; productRef = 261395E42CAEF485001D6BC9 /* FirebaseInstallations */; };
		261395E72CAEF485001D6BC9 /* FirebaseMessaging in Frameworks */ = {isa = PBXBuildFile; productRef = 261395E62CAEF485001D6BC9 /* FirebaseMessaging */; };
		261395E92CAEF485001D6BC9 /* FirebaseMLModelDownloader in Frameworks */ = {isa = PBXBuildFile; productRef = 261395E82CAEF485001D6BC9 /* FirebaseMLModelDownloader */; };
		261395EB2CAEF485001D6BC9 /* FirebasePerformance in Frameworks */ = {isa = PBXBuildFile; productRef = 261395EA2CAEF485001D6BC9 /* FirebasePerformance */; };
		261395ED2CAEF485001D6BC9 /* FirebaseRemoteConfig in Frameworks */ = {isa = PBXBuildFile; productRef = 261395EC2CAEF485001D6BC9 /* FirebaseRemoteConfig */; };
		261395EF2CAEF485001D6BC9 /* FirebaseStorage in Frameworks */ = {isa = PBXBuildFile; productRef = 261395EE2CAEF485001D6BC9 /* FirebaseStorage */; };
		261395F12CAEF485001D6BC9 /* FirebaseStorageCombine-Community in Frameworks */ = {isa = PBXBuildFile; productRef = 261395F02CAEF485001D6BC9 /* FirebaseStorageCombine-Community */; };
		261395F52CAEF4FA001D6BC9 /* SignInView.swift in Sources */ = {isa = PBXBuildFile; fileRef = 261395F42CAEF4FA001D6BC9 /* SignInView.swift */; };
		261395F72CAEF50F001D6BC9 /* SignUpView.swift in Sources */ = {isa = PBXBuildFile; fileRef = 261395F62CAEF50F001D6BC9 /* SignUpView.swift */; };
		261396062CB2D543001D6BC9 /* SDWebImageSwiftUI in Frameworks */ = {isa = PBXBuildFile; productRef = 261396052CB2D543001D6BC9 /* SDWebImageSwiftUI */; };
		261396082CB2E15C001D6BC9 /* ScoreDetailView.swift in Sources */ = {isa = PBXBuildFile; fileRef = 261396072CB2E15C001D6BC9 /* ScoreDetailView.swift */; };
		262154D52D0D42BA003D248E /* ChatViewWrapper.swift in Sources */ = {isa = PBXBuildFile; fileRef = 262154D42D0D42BA003D248E /* ChatViewWrapper.swift */; };
		262154D92D0D47B0003D248E /* SimilarUsersSectionView.swift in Sources */ = {isa = PBXBuildFile; fileRef = 262154D82D0D47B0003D248E /* SimilarUsersSectionView.swift */; };
		263D046F2DAB0CF40058F16A /* MediaUploadMode.swift in Sources */ = {isa = PBXBuildFile; fileRef = 263D046E2DAB0CF40058F16A /* MediaUploadMode.swift */; };
		263D04712DAB0D010058F16A /* UploadOptionsView.swift in Sources */ = {isa = PBXBuildFile; fileRef = 263D04702DAB0D010058F16A /* UploadOptionsView.swift */; };
		263D04752DAB0D1D0058F16A /* UploadDetailView.swift in Sources */ = {isa = PBXBuildFile; fileRef = 263D04742DAB0D1D0058F16A /* UploadDetailView.swift */; };
		263D04772DAB0D300058F16A /* UploadManager.swift in Sources */ = {isa = PBXBuildFile; fileRef = 263D04762DAB0D300058F16A /* UploadManager.swift */; };
		263D04792DAB0F8C0058F16A /* UploadMainView.swift in Sources */ = {isa = PBXBuildFile; fileRef = 263D04782DAB0F8C0058F16A /* UploadMainView.swift */; };
		263D047B2DAB0F9A0058F16A /* UploadEditView.swift in Sources */ = {isa = PBXBuildFile; fileRef = 263D047A2DAB0F9A0058F16A /* UploadEditView.swift */; };
		263D047F2DAB38C90058F16A /* UploadButtonView.swift in Sources */ = {isa = PBXBuildFile; fileRef = 263D047E2DAB38C90058F16A /* UploadButtonView.swift */; };
		263D04832DAB3DD20058F16A /* UploadPickerView.swift in Sources */ = {isa = PBXBuildFile; fileRef = 263D04822DAB3DD20058F16A /* UploadPickerView.swift */; };
		263D04852DAB431A0058F16A /* FriendManager.swift in Sources */ = {isa = PBXBuildFile; fileRef = 263D04842DAB431A0058F16A /* FriendManager.swift */; };
		263D04872DAB432E0058F16A /* FriendSearchView.swift in Sources */ = {isa = PBXBuildFile; fileRef = 263D04862DAB432E0058F16A /* FriendSearchView.swift */; };
		263D04892DB7CA0C0058F16A /* AddFavouritesView.swift in Sources */ = {isa = PBXBuildFile; fileRef = 263D04882DB7CA0C0058F16A /* AddFavouritesView.swift */; };
		263D048B2DB7CA210058F16A /* MyFavouritesView.swift in Sources */ = {isa = PBXBuildFile; fileRef = 263D048A2DB7CA210058F16A /* MyFavouritesView.swift */; };
		263D048D2DB7E8470058F16A /* MyUploadsView.swift in Sources */ = {isa = PBXBuildFile; fileRef = 263D048C2DB7E8470058F16A /* MyUploadsView.swift */; };
		26420BD32DBA5FB2000D8934 /* VideoLinkView.swift in Sources */ = {isa = PBXBuildFile; fileRef = 26420BD22DBA5FB2000D8934 /* VideoLinkView.swift */; };
		26420BD52DBA5FC2000D8934 /* LinkControlMessage.swift in Sources */ = {isa = PBXBuildFile; fileRef = 26420BD42DBA5FC2000D8934 /* LinkControlMessage.swift */; };
		26420BD72DBA60FD000D8934 /* VideoLinkState.swift in Sources */ = {isa = PBXBuildFile; fileRef = 26420BD62DBA60FD000D8934 /* VideoLinkState.swift */; };
		26420BD92DBA9942000D8934 /* VideoChatView.swift in Sources */ = {isa = PBXBuildFile; fileRef = 26420BD82DBA9942000D8934 /* VideoChatView.swift */; };
		26420BDB2DBA9CB5000D8934 /* LinkRatingView.swift in Sources */ = {isa = PBXBuildFile; fileRef = 26420BDA2DBA9CB5000D8934 /* LinkRatingView.swift */; };
		26585A9C2C99502F005E0008 /* MorepracticeApp.swift in Sources */ = {isa = PBXBuildFile; fileRef = 26585A9B2C99502F005E0008 /* MorepracticeApp.swift */; };
		26585A9E2C99502F005E0008 /* ContentView.swift in Sources */ = {isa = PBXBuildFile; fileRef = 26585A9D2C99502F005E0008 /* ContentView.swift */; };
		26585AA22C995030005E0008 /* Assets.xcassets in Resources */ = {isa = PBXBuildFile; fileRef = 26585AA12C995030005E0008 /* Assets.xcassets */; };
		26585AA52C995030005E0008 /* Preview Assets.xcassets in Resources */ = {isa = PBXBuildFile; fileRef = 26585AA42C995030005E0008 /* Preview Assets.xcassets */; };
		26585AAF2C995030005E0008 /* MorepracticeTests.swift in Sources */ = {isa = PBXBuildFile; fileRef = 26585AAE2C995030005E0008 /* MorepracticeTests.swift */; };
		26585AB92C995030005E0008 /* MorepracticeUITests.swift in Sources */ = {isa = PBXBuildFile; fileRef = 26585AB82C995030005E0008 /* MorepracticeUITests.swift */; };
		26585ABB2C995030005E0008 /* MorepracticeUITestsLaunchTests.swift in Sources */ = {isa = PBXBuildFile; fileRef = 26585ABA2C995030005E0008 /* MorepracticeUITestsLaunchTests.swift */; };
		26585ACF2C995B9C005E0008 /* MyHeartView.swift in Sources */ = {isa = PBXBuildFile; fileRef = 26585ACE2C995B9C005E0008 /* MyHeartView.swift */; };
		26585AD12C995BA3005E0008 /* Score.swift in Sources */ = {isa = PBXBuildFile; fileRef = 26585AD02C995BA3005E0008 /* Score.swift */; };
		265BDBEE2D19C831007D2838 /* TagScore.swift in Sources */ = {isa = PBXBuildFile; fileRef = 265BDBED2D19C831007D2838 /* TagScore.swift */; };
		265BDBF02D1A2900007D2838 /* AutoChatManager.swift in Sources */ = {isa = PBXBuildFile; fileRef = 265BDBEF2D1A2900007D2838 /* AutoChatManager.swift */; };
		265BDBF22D1A50B7007D2838 /* EphemeralChatContainer.swift in Sources */ = {isa = PBXBuildFile; fileRef = 265BDBF12D1A50B6007D2838 /* EphemeralChatContainer.swift */; };
		265BDBF42D1A50C6007D2838 /* EphemeralChatViewModel.swift in Sources */ = {isa = PBXBuildFile; fileRef = 265BDBF32D1A50C6007D2838 /* EphemeralChatViewModel.swift */; };
		265BDBF62D1A5299007D2838 /* PersistentChatView.swift in Sources */ = {isa = PBXBuildFile; fileRef = 265BDBF52D1A5299007D2838 /* PersistentChatView.swift */; };
		265BDBF82D1A5C0C007D2838 /* ChatViewModelProtocol.swift in Sources */ = {isa = PBXBuildFile; fileRef = 265BDBF72D1A5C0C007D2838 /* ChatViewModelProtocol.swift */; };
		265BDBFA2D1A7973007D2838 /* ChatUtils.swift in Sources */ = {isa = PBXBuildFile; fileRef = 265BDBF92D1A7973007D2838 /* ChatUtils.swift */; };
		265BDC702D1AC519007D2838 /* CircleDashboardView.swift in Sources */ = {isa = PBXBuildFile; fileRef = 265BDC6F2D1AC519007D2838 /* CircleDashboardView.swift */; };
		265BDC722D1AC53B007D2838 /* CircularDashboard.swift in Sources */ = {isa = PBXBuildFile; fileRef = 265BDC712D1AC53B007D2838 /* CircularDashboard.swift */; };
		265C931A2DA549C300262DA3 /* WebRTC in Frameworks */ = {isa = PBXBuildFile; productRef = 265C93192DA549C300262DA3 /* WebRTC */; };
		265C931C2DA54B1700262DA3 /* FirebaseVertexAI-Preview in Frameworks */ = {isa = PBXBuildFile; productRef = 265C931B2DA54B1700262DA3 /* FirebaseVertexAI-Preview */; };
		26660B512C99C81300A53EF2 /* VerticalSlider.swift in Sources */ = {isa = PBXBuildFile; fileRef = 26660B502C99C81300A53EF2 /* VerticalSlider.swift */; };
		26660B552C99CC1C00A53EF2 /* ScoreManager.swift in Sources */ = {isa = PBXBuildFile; fileRef = 26660B542C99CC1C00A53EF2 /* ScoreManager.swift */; };
		26A68A9C2CBFE69500777FC3 /* AppDelegate.swift in Sources */ = {isa = PBXBuildFile; fileRef = 26A68A9B2CBFE69500777FC3 /* AppDelegate.swift */; };
		26A782812C9CA3F90074967F /* MediaManager.swift in Sources */ = {isa = PBXBuildFile; fileRef = 26A782802C9CA3F90074967F /* MediaManager.swift */; };
		26A782832C9D9A300074967F /* Models.swift in Sources */ = {isa = PBXBuildFile; fileRef = 26A782822C9D9A300074967F /* Models.swift */; };
		26AC6B0F2CEFF5F3007A97C0 /* GoogleService-Info.plist in Resources */ = {isa = PBXBuildFile; fileRef = 26AC6B0E2CEFF5F3007A97C0 /* GoogleService-Info.plist */; };
		26B065A62D7F42020056181E /* WebRTC.framework in Frameworks */ = {isa = PBXBuildFile; fileRef = 26B065A42D7F42020056181E /* WebRTC.framework */; platformFilter = ios; };
		26C5F33E2F1A79A500FCAE6B /* FirebaseAuth in Frameworks */ = {isa = PBXBuildFile; productRef = 26C5F33D2F1A79A500FCAE6B /* FirebaseAuth */; };
		26C5F3402F1A79A500FCAE6B /* FirebaseAuthCombine-Community in Frameworks */ = {isa = PBXBuildFile; productRef = 26C5F33F2F1A79A500FCAE6B /* FirebaseAuthCombine-Community */; };
		26C5F3422F1A79A500FCAE6B /* FirebaseCore in Frameworks */ = {isa = PBXBuildFile; productRef = 26C5F3412F1A79A500FCAE6B /* FirebaseCore */; };
		26C5F3442F1A79A500FCAE6B /* FirebaseCrashlytics in Frameworks */ = {isa = PBXBuildFile; productRef = 26C5F3432F1A79A500FCAE6B /* FirebaseCrashlytics */; };
		26C5F3462F1A79A500FCAE6B /* FirebaseDatabase in Frameworks */ = {isa = PBXBuildFile; productRef = 26C5F3452F1A79A500FCAE6B /* FirebaseDatabase */; };
		26C5F3482F1A79A500FCAE6B /* FirebaseDynamicLinks in Frameworks */ = {isa = PBXBuildFile; productRef = 26C5F3472F1A79A500FCAE6B /* FirebaseDynamicLinks */; };
		26C5F34A2F1A79A500FCAE6B /* FirebaseFirestore in Frameworks */ = {isa = PBXBuildFile; productRef = 26C5F3492F1A79A500FCAE6B /* FirebaseFirestore */; };
		26C5F34D2F1A7D9A00FCAE6B /* GoogleService-Info.plist in Resources */ = {isa = PBXBuildFile; fileRef = 26AC6B0E2CEFF5F3007A97C0 /* GoogleService-Info.plist */; };
		26C810A82D3692DA00517022 /* ConnectionsView.swift in Sources */ = {isa = PBXBuildFile; fileRef = 26C810A72D3692DA00517022 /* ConnectionsView.swift */; };
		26C810E52D4BF6F200517022 /* LinkManager.swift in Sources */ = {isa = PBXBuildFile; fileRef = 26C810E42D4BF6F200517022 /* LinkManager.swift */; };
		26C810E72D4BF75D00517022 /* TemporaryChatViewController.swift in Sources */ = {isa = PBXBuildFile; fileRef = 26C810E62D4BF75D00517022 /* TemporaryChatViewController.swift */; };
		26CB81482F1A59EA003D4EA4 /* MediaKit in Frameworks */ = {isa = PBXBuildFile; productRef = 26CB81472F1A59EA003D4EA4 /* MediaKit */; };
		26CB81492F1A5A2D003D4EA4 /* MediaLab.app in Resources */ = {isa = PBXBuildFile; fileRef = 26CB81392F1A58CE003D4EA4 /* MediaLab.app */; };
		26CB81502F1A5B01003D4EA4 /* MediaKit in Frameworks */ = {isa = PBXBuildFile; productRef = 26CB81472F1A59EA003D4EA4 /* MediaKit */; };
		26D404D52D0D1E3C00B88731 /* AppUserModel.swift in Sources */ = {isa = PBXBuildFile; fileRef = 26D404D42D0D1E3C00B88731 /* AppUserModel.swift */; };
		26D404D72D0D211100B88731 /* SimilarUserModel.swift in Sources */ = {isa = PBXBuildFile; fileRef = 26D404D62D0D211100B88731 /* SimilarUserModel.swift */; };
		26D404DB2D0D219500B88731 /* UserProfileModel.swift in Sources */ = {isa = PBXBuildFile; fileRef = 26D404DA2D0D219500B88731 /* UserProfileModel.swift */; };
		26D404DF2D0D2A9E00B88731 /* ChatViewModel.swift in Sources */ = {isa = PBXBuildFile; fileRef = 26D404DE2D0D2A9E00B88731 /* ChatViewModel.swift */; };
		26D404E32D0D2E1A00B88731 /* SettingsView.swift in Sources */ = {isa = PBXBuildFile; fileRef = 26D404E22D0D2E1A00B88731 /* SettingsView.swift */; };
		26DE96E12EACB48F000FCBD5 /* Color+Hex.swift in Sources */ = {isa = PBXBuildFile; fileRef = 26DE96E02EACB48F000FCBD5 /* Color+Hex.swift */; };
		26E2AB602D5269D700C34A9F /* TemporaryChatViewWrapper.swift in Sources */ = {isa = PBXBuildFile; fileRef = 26E2AB5F2D5269D700C34A9F /* TemporaryChatViewWrapper.swift */; };
		26E2AB652D53B30C00C34A9F /* SocketIO in Frameworks */ = {isa = PBXBuildFile; productRef = 26E2AB642D53B30C00C34A9F /* SocketIO */; };
		26E2AB672D53C08A00C34A9F /* LinkEligibilityManager.swift in Sources */ = {isa = PBXBuildFile; fileRef = 26E2AB662D53C08A00C34A9F /* LinkEligibilityManager.swift */; };
		26EE09242D0F86C30048DC9C /* AppViewModel.swift in Sources */ = {isa = PBXBuildFile; fileRef = 26EE09232D0F86C30048DC9C /* AppViewModel.swift */; };
		26F013AB2DA890AA00D554F2 /* LinkingSettingsManager.swift in Sources */ = {isa = PBXBuildFile; fileRef = 26F013AA2DA890AA00D554F2 /* LinkingSettingsManager.swift */; };
		26F013AD2DA890BB00D554F2 /* ModesView.swift in Sources */ = {isa = PBXBuildFile; fileRef = 26F013AC2DA890BB00D554F2 /* ModesView.swift */; };
		26F013AF2DA8928600D554F2 /* LinkingSettingsView.swift in Sources */ = {isa = PBXBuildFile; fileRef = 26F013AE2DA8928600D554F2 /* LinkingSettingsView.swift */; };
		B9366177681B76C03DD67A7A /* Pods_MorepracticeTests.framework in Frameworks */ = {isa = PBXBuildFile; fileRef = 7D7AFBC5A865710292395FF0 /* Pods_MorepracticeTests.framework */; };
		FD086D66233D24371E65C679 /* Pods_MorepracticeUITests.framework in Frameworks */ = {isa = PBXBuildFile; fileRef = 11F764B24C6E43FFEB43D8C3 /* Pods_MorepracticeUITests.framework */; };
/* End PBXBuildFile section */

/* Begin PBXContainerItemProxy section */
		26585AAB2C995030005E0008 /* PBXContainerItemProxy */ = {
			isa = PBXContainerItemProxy;
			containerPortal = 26585A902C99502F005E0008 /* Project object */;
			proxyType = 1;
			remoteGlobalIDString = 26585A972C99502F005E0008;
			remoteInfo = Morepractice;
		};
		26585AB52C995030005E0008 /* PBXContainerItemProxy */ = {
			isa = PBXContainerItemProxy;
			containerPortal = 26585A902C99502F005E0008 /* Project object */;
			proxyType = 1;
			remoteGlobalIDString = 26585A972C99502F005E0008;
			remoteInfo = Morepractice;
		};
/* End PBXContainerItemProxy section */

/* Begin PBXFileReference section */
		11F764B24C6E43FFEB43D8C3 /* Pods_MorepracticeUITests.framework */ = {isa = PBXFileReference; explicitFileType = wrapper.framework; includeInIndex = 0; path = Pods_MorepracticeUITests.framework; sourceTree = BUILT_PRODUCTS_DIR; };
		260F07582D1E1DC700DB71C5 /* MeView.swift */ = {isa = PBXFileReference; lastKnownFileType = sourcecode.swift; path = MeView.swift; sourceTree = "<group>"; };
		260F075A2D1E1E6500DB71C5 /* FriendsView.swift */ = {isa = PBXFileReference; lastKnownFileType = sourcecode.swift; path = FriendsView.swift; sourceTree = "<group>"; };
		260F075C2D1E20D500DB71C5 /* ErrorWrapper.swift */ = {isa = PBXFileReference; lastKnownFileType = sourcecode.swift; path = ErrorWrapper.swift; sourceTree = "<group>"; };
		260F075E2D1E211900DB71C5 /* ImagePicker.swift */ = {isa = PBXFileReference; lastKnownFileType = sourcecode.swift; path = ImagePicker.swift; sourceTree = "<group>"; };
		260F07602D3032BB00DB71C5 /* SoundManager.swift */ = {isa = PBXFileReference; lastKnownFileType = sourcecode.swift; path = SoundManager.swift; sourceTree = "<group>"; };
		260F07622D3032D400DB71C5 /* SettingsManager.swift */ = {isa = PBXFileReference; lastKnownFileType = sourcecode.swift; path = SettingsManager.swift; sourceTree = "<group>"; };
		260F07642D309C3E00DB71C5 /* MediaInteractionView.swift */ = {isa = PBXFileReference; lastKnownFileType = sourcecode.swift; path = MediaInteractionView.swift; sourceTree = "<group>"; };
		260F07662D309C6B00DB71C5 /* MediaProtocols.swift */ = {isa = PBXFileReference; lastKnownFileType = sourcecode.swift; path = MediaProtocols.swift; sourceTree = "<group>"; };
		260F07682D309E0C00DB71C5 /* MediaInteractionViewWrapper.swift */ = {isa = PBXFileReference; lastKnownFileType = sourcecode.swift; path = MediaInteractionViewWrapper.swift; sourceTree = "<group>"; };
		260F076A2D30B12400DB71C5 /* SingleImageScoringView.swift */ = {isa = PBXFileReference; lastKnownFileType = sourcecode.swift; path = SingleImageScoringView.swift; sourceTree = "<group>"; };
		260F076C2D30B12D00DB71C5 /* SingleVideoScoringView.swift */ = {isa = PBXFileReference; lastKnownFileType = sourcecode.swift; path = SingleVideoScoringView.swift; sourceTree = "<group>"; };
		260F076E2D30C44200DB71C5 /* PairScoringView.swift */ = {isa = PBXFileReference; lastKnownFileType = sourcecode.swift; path = PairScoringView.swift; sourceTree = "<group>"; };
		261395CB2CAEF284001D6BC9 /* AuthViewModel.swift */ = {isa = PBXFileReference; lastKnownFileType = sourcecode.swift; path = AuthViewModel.swift; sourceTree = "<group>"; };
		261395F42CAEF4FA001D6BC9 /* SignInView.swift */ = {isa = PBXFileReference; lastKnownFileType = sourcecode.swift; path = SignInView.swift; sourceTree = "<group>"; };
		261395F62CAEF50F001D6BC9 /* SignUpView.swift */ = {isa = PBXFileReference; lastKnownFileType = sourcecode.swift; path = SignUpView.swift; sourceTree = "<group>"; };
		261396072CB2E15C001D6BC9 /* ScoreDetailView.swift */ = {isa = PBXFileReference; lastKnownFileType = sourcecode.swift; path = ScoreDetailView.swift; sourceTree = "<group>"; };
		262154D42D0D42BA003D248E /* ChatViewWrapper.swift */ = {isa = PBXFileReference; lastKnownFileType = sourcecode.swift; path = ChatViewWrapper.swift; sourceTree = "<group>"; };
		262154D82D0D47B0003D248E /* SimilarUsersSectionView.swift */ = {isa = PBXFileReference; lastKnownFileType = sourcecode.swift; path = SimilarUsersSectionView.swift; sourceTree = "<group>"; };
		263D046E2DAB0CF40058F16A /* MediaUploadMode.swift */ = {isa = PBXFileReference; lastKnownFileType = sourcecode.swift; path = MediaUploadMode.swift; sourceTree = "<group>"; };
		263D04702DAB0D010058F16A /* UploadOptionsView.swift */ = {isa = PBXFileReference; lastKnownFileType = sourcecode.swift; path = UploadOptionsView.swift; sourceTree = "<group>"; };
		263D04742DAB0D1D0058F16A /* UploadDetailView.swift */ = {isa = PBXFileReference; lastKnownFileType = sourcecode.swift; path = UploadDetailView.swift; sourceTree = "<group>"; };
		263D04762DAB0D300058F16A /* UploadManager.swift */ = {isa = PBXFileReference; lastKnownFileType = sourcecode.swift; path = UploadManager.swift; sourceTree = "<group>"; };
		263D04782DAB0F8C0058F16A /* UploadMainView.swift */ = {isa = PBXFileReference; lastKnownFileType = sourcecode.swift; path = UploadMainView.swift; sourceTree = "<group>"; };
		263D047A2DAB0F9A0058F16A /* UploadEditView.swift */ = {isa = PBXFileReference; lastKnownFileType = sourcecode.swift; path = UploadEditView.swift; sourceTree = "<group>"; };
		263D047E2DAB38C90058F16A /* UploadButtonView.swift */ = {isa = PBXFileReference; lastKnownFileType = sourcecode.swift; path = UploadButtonView.swift; sourceTree = "<group>"; };
		263D04822DAB3DD20058F16A /* UploadPickerView.swift */ = {isa = PBXFileReference; lastKnownFileType = sourcecode.swift; path = UploadPickerView.swift; sourceTree = "<group>"; };
		263D04842DAB431A0058F16A /* FriendManager.swift */ = {isa = PBXFileReference; lastKnownFileType = sourcecode.swift; path = FriendManager.swift; sourceTree = "<group>"; };
		263D04862DAB432E0058F16A /* FriendSearchView.swift */ = {isa = PBXFileReference; lastKnownFileType = sourcecode.swift; path = FriendSearchView.swift; sourceTree = "<group>"; };
		263D04882DB7CA0C0058F16A /* AddFavouritesView.swift */ = {isa = PBXFileReference; lastKnownFileType = sourcecode.swift; path = AddFavouritesView.swift; sourceTree = "<group>"; };
		263D048A2DB7CA210058F16A /* MyFavouritesView.swift */ = {isa = PBXFileReference; lastKnownFileType = sourcecode.swift; path = MyFavouritesView.swift; sourceTree = "<group>"; };
		263D048C2DB7E8470058F16A /* MyUploadsView.swift */ = {isa = PBXFileReference; lastKnownFileType = sourcecode.swift; path = MyUploadsView.swift; sourceTree = "<group>"; };
		26420BD22DBA5FB2000D8934 /* VideoLinkView.swift */ = {isa = PBXFileReference; lastKnownFileType = sourcecode.swift; path = VideoLinkView.swift; sourceTree = "<group>"; };
		26420BD42DBA5FC2000D8934 /* LinkControlMessage.swift */ = {isa = PBXFileReference; lastKnownFileType = sourcecode.swift; path = LinkControlMessage.swift; sourceTree = "<group>"; };
		26420BD62DBA60FD000D8934 /* VideoLinkState.swift */ = {isa = PBXFileReference; lastKnownFileType = sourcecode.swift; path = VideoLinkState.swift; sourceTree = "<group>"; };
		26420BD82DBA9942000D8934 /* VideoChatView.swift */ = {isa = PBXFileReference; lastKnownFileType = sourcecode.swift; path = VideoChatView.swift; sourceTree = "<group>"; };
		26420BDA2DBA9CB5000D8934 /* LinkRatingView.swift */ = {isa = PBXFileReference; lastKnownFileType = sourcecode.swift; path = LinkRatingView.swift; sourceTree = "<group>"; };
		26585A982C99502F005E0008 /* Morepractice.app */ = {isa = PBXFileReference; explicitFileType = wrapper.application; includeInIndex = 0; path = Morepractice.app; sourceTree = BUILT_PRODUCTS_DIR; };
		26585A9B2C99502F005E0008 /* MorepracticeApp.swift */ = {isa = PBXFileReference; lastKnownFileType = sourcecode.swift; path = MorepracticeApp.swift; sourceTree = "<group>"; };
		26585A9D2C99502F005E0008 /* ContentView.swift */ = {isa = PBXFileReference; lastKnownFileType = sourcecode.swift; path = ContentView.swift; sourceTree = "<group>"; };
		26585AA12C995030005E0008 /* Assets.xcassets */ = {isa = PBXFileReference; lastKnownFileType = folder.assetcatalog; path = Assets.xcassets; sourceTree = "<group>"; };
		26585AA42C995030005E0008 /* Preview Assets.xcassets */ = {isa = PBXFileReference; lastKnownFileType = folder.assetcatalog; path = "Preview Assets.xcassets"; sourceTree = "<group>"; };
		26585AAA2C995030005E0008 /* MorepracticeTests.xctest */ = {isa = PBXFileReference; explicitFileType = wrapper.cfbundle; includeInIndex = 0; path = MorepracticeTests.xctest; sourceTree = BUILT_PRODUCTS_DIR; };
		26585AAE2C995030005E0008 /* MorepracticeTests.swift */ = {isa = PBXFileReference; lastKnownFileType = sourcecode.swift; path = MorepracticeTests.swift; sourceTree = "<group>"; };
		26585AB42C995030005E0008 /* MorepracticeUITests.xctest */ = {isa = PBXFileReference; explicitFileType = wrapper.cfbundle; includeInIndex = 0; path = MorepracticeUITests.xctest; sourceTree = BUILT_PRODUCTS_DIR; };
		26585AB82C995030005E0008 /* MorepracticeUITests.swift */ = {isa = PBXFileReference; lastKnownFileType = sourcecode.swift; path = MorepracticeUITests.swift; sourceTree = "<group>"; };
		26585ABA2C995030005E0008 /* MorepracticeUITestsLaunchTests.swift */ = {isa = PBXFileReference; lastKnownFileType = sourcecode.swift; path = MorepracticeUITestsLaunchTests.swift; sourceTree = "<group>"; };
		26585AC72C99507A005E0008 /* Info.plist */ = {isa = PBXFileReference; lastKnownFileType = text.plist.xml; path = Info.plist; sourceTree = "<group>"; };
		26585ACE2C995B9C005E0008 /* MyHeartView.swift */ = {isa = PBXFileReference; lastKnownFileType = sourcecode.swift; path = MyHeartView.swift; sourceTree = "<group>"; };
		26585AD02C995BA3005E0008 /* Score.swift */ = {isa = PBXFileReference; lastKnownFileType = sourcecode.swift; path = Score.swift; sourceTree = "<group>"; };
		265BDBED2D19C831007D2838 /* TagScore.swift */ = {isa = PBXFileReference; lastKnownFileType = sourcecode.swift; path = TagScore.swift; sourceTree = "<group>"; };
		265BDBEF2D1A2900007D2838 /* AutoChatManager.swift */ = {isa = PBXFileReference; lastKnownFileType = sourcecode.swift; path = AutoChatManager.swift; sourceTree = "<group>"; };
		265BDBF12D1A50B6007D2838 /* EphemeralChatContainer.swift */ = {isa = PBXFileReference; lastKnownFileType = sourcecode.swift; path = EphemeralChatContainer.swift; sourceTree = "<group>"; };
		265BDBF32D1A50C6007D2838 /* EphemeralChatViewModel.swift */ = {isa = PBXFileReference; lastKnownFileType = sourcecode.swift; path = EphemeralChatViewModel.swift; sourceTree = "<group>"; };
		265BDBF52D1A5299007D2838 /* PersistentChatView.swift */ = {isa = PBXFileReference; lastKnownFileType = sourcecode.swift; path = PersistentChatView.swift; sourceTree = "<group>"; };
		265BDBF72D1A5C0C007D2838 /* ChatViewModelProtocol.swift */ = {isa = PBXFileReference; lastKnownFileType = sourcecode.swift; path = ChatViewModelProtocol.swift; sourceTree = "<group>"; };
		265BDBF92D1A7973007D2838 /* ChatUtils.swift */ = {isa = PBXFileReference; lastKnownFileType = sourcecode.swift; path = ChatUtils.swift; sourceTree = "<group>"; };
		265BDC6F2D1AC519007D2838 /* CircleDashboardView.swift */ = {isa = PBXFileReference; lastKnownFileType = sourcecode.swift; path = CircleDashboardView.swift; sourceTree = "<group>"; };
		265BDC712D1AC53B007D2838 /* CircularDashboard.swift */ = {isa = PBXFileReference; lastKnownFileType = sourcecode.swift; path = CircularDashboard.swift; sourceTree = "<group>"; };
		26660B4F2C99B95400A53EF2 /* bin.swift */ = {isa = PBXFileReference; lastKnownFileType = sourcecode.swift; path = bin.swift; sourceTree = "<group>"; };
		26660B502C99C81300A53EF2 /* VerticalSlider.swift */ = {isa = PBXFileReference; lastKnownFileType = sourcecode.swift; path = VerticalSlider.swift; sourceTree = "<group>"; };
		26660B542C99CC1C00A53EF2 /* ScoreManager.swift */ = {isa = PBXFileReference; lastKnownFileType = sourcecode.swift; path = ScoreManager.swift; sourceTree = "<group>"; };
		26A68A9B2CBFE69500777FC3 /* AppDelegate.swift */ = {isa = PBXFileReference; lastKnownFileType = sourcecode.swift; path = AppDelegate.swift; sourceTree = "<group>"; };
		26A782802C9CA3F90074967F /* MediaManager.swift */ = {isa = PBXFileReference; lastKnownFileType = sourcecode.swift; path = MediaManager.swift; sourceTree = "<group>"; };
		26A782822C9D9A300074967F /* Models.swift */ = {isa = PBXFileReference; lastKnownFileType = sourcecode.swift; path = Models.swift; sourceTree = "<group>"; };
		26AC6B0E2CEFF5F3007A97C0 /* GoogleService-Info.plist */ = {isa = PBXFileReference; fileEncoding = 4; lastKnownFileType = text.plist.xml; name = "GoogleService-Info.plist"; path = "GoogleService-Info.plist"; sourceTree = SOURCE_ROOT; };
		26B065A42D7F42020056181E /* WebRTC.framework */ = {isa = PBXFileReference; lastKnownFileType = wrapper.framework; path = WebRTC.framework; sourceTree = "<group>"; };
		26B065A72D80CC470056181E /* WebRTCiOSSDK.framework */ = {isa = PBXFileReference; lastKnownFileType = wrapper.framework; path = WebRTCiOSSDK.framework; sourceTree = "<group>"; };
		26C810A72D3692DA00517022 /* ConnectionsView.swift */ = {isa = PBXFileReference; lastKnownFileType = sourcecode.swift; path = ConnectionsView.swift; sourceTree = "<group>"; };
		26C810E42D4BF6F200517022 /* LinkManager.swift */ = {isa = PBXFileReference; lastKnownFileType = sourcecode.swift; path = LinkManager.swift; sourceTree = "<group>"; };
		26C810E62D4BF75D00517022 /* TemporaryChatViewController.swift */ = {isa = PBXFileReference; lastKnownFileType = sourcecode.swift; path = TemporaryChatViewController.swift; sourceTree = "<group>"; };
		26CB81392F1A58CE003D4EA4 /* MediaLab.app */ = {isa = PBXFileReference; explicitFileType = wrapper.application; includeInIndex = 0; path = MediaLab.app; sourceTree = BUILT_PRODUCTS_DIR; };
		26D404D42D0D1E3C00B88731 /* AppUserModel.swift */ = {isa = PBXFileReference; lastKnownFileType = sourcecode.swift; path = AppUserModel.swift; sourceTree = "<group>"; };
		26D404D62D0D211100B88731 /* SimilarUserModel.swift */ = {isa = PBXFileReference; lastKnownFileType = sourcecode.swift; path = SimilarUserModel.swift; sourceTree = "<group>"; };
		26D404DA2D0D219500B88731 /* UserProfileModel.swift */ = {isa = PBXFileReference; lastKnownFileType = sourcecode.swift; path = UserProfileModel.swift; sourceTree = "<group>"; };
		26D404DE2D0D2A9E00B88731 /* ChatViewModel.swift */ = {isa = PBXFileReference; lastKnownFileType = sourcecode.swift; path = ChatViewModel.swift; sourceTree = "<group>"; };
		26D404E22D0D2E1A00B88731 /* SettingsView.swift */ = {isa = PBXFileReference; lastKnownFileType = sourcecode.swift; path = SettingsView.swift; sourceTree = "<group>"; };
		26DE96E02EACB48F000FCBD5 /* Color+Hex.swift */ = {isa = PBXFileReference; lastKnownFileType = sourcecode.swift; path = "Color+Hex.swift"; sourceTree = "<group>"; };
		26E2AB5F2D5269D700C34A9F /* TemporaryChatViewWrapper.swift */ = {isa = PBXFileReference; lastKnownFileType = sourcecode.swift; path = TemporaryChatViewWrapper.swift; sourceTree = "<group>"; };
		26E2AB662D53C08A00C34A9F /* LinkEligibilityManager.swift */ = {isa = PBXFileReference; lastKnownFileType = sourcecode.swift; path = LinkEligibilityManager.swift; sourceTree = "<group>"; };
		26EE09232D0F86C30048DC9C /* AppViewModel.swift */ = {isa = PBXFileReference; lastKnownFileType = sourcecode.swift; path = AppViewModel.swift; sourceTree = "<group>"; };
		26F013AA2DA890AA00D554F2 /* LinkingSettingsManager.swift */ = {isa = PBXFileReference; lastKnownFileType = sourcecode.swift; path = LinkingSettingsManager.swift; sourceTree = "<group>"; };
		26F013AC2DA890BB00D554F2 /* ModesView.swift */ = {isa = PBXFileReference; lastKnownFileType = sourcecode.swift; path = ModesView.swift; sourceTree = "<group>"; };
		26F013AE2DA8928600D554F2 /* LinkingSettingsView.swift */ = {isa = PBXFileReference; lastKnownFileType = sourcecode.swift; path = LinkingSettingsView.swift; sourceTree = "<group>"; };
		3EE3A8A8F0699C01D9EAD847 /* Pods-MorepracticeUITests.release.xcconfig */ = {isa = PBXFileReference; includeInIndex = 1; lastKnownFileType = text.xcconfig; name = "Pods-MorepracticeUITests.release.xcconfig"; path = "Target Support Files/Pods-MorepracticeUITests/Pods-MorepracticeUITests.release.xcconfig"; sourceTree = "<group>"; };
		4C55981486AA99738798CF04 /* Pods-MorepracticeTests.debug.xcconfig */ = {isa = PBXFileReference; includeInIndex = 1; lastKnownFileType = text.xcconfig; name = "Pods-MorepracticeTests.debug.xcconfig"; path = "Target Support Files/Pods-MorepracticeTests/Pods-MorepracticeTests.debug.xcconfig"; sourceTree = "<group>"; };
		7D7AFBC5A865710292395FF0 /* Pods_MorepracticeTests.framework */ = {isa = PBXFileReference; explicitFileType = wrapper.framework; includeInIndex = 0; path = Pods_MorepracticeTests.framework; sourceTree = BUILT_PRODUCTS_DIR; };
		972A2E5E6447AEE1FA5BBF8F /* Pods-MorepracticeTests.release.xcconfig */ = {isa = PBXFileReference; includeInIndex = 1; lastKnownFileType = text.xcconfig; name = "Pods-MorepracticeTests.release.xcconfig"; path = "Target Support Files/Pods-MorepracticeTests/Pods-MorepracticeTests.release.xcconfig"; sourceTree = "<group>"; };
		B33F26685AFDA1B59C2F1878 /* Pods-MorepracticeUITests.debug.xcconfig */ = {isa = PBXFileReference; includeInIndex = 1; lastKnownFileType = text.xcconfig; name = "Pods-MorepracticeUITests.debug.xcconfig"; path = "Target Support Files/Pods-MorepracticeUITests/Pods-MorepracticeUITests.debug.xcconfig"; sourceTree = "<group>"; };
/* End PBXFileReference section */

/* Begin PBXFileSystemSynchronizedRootGroup section */
		26CB813A2F1A58CE003D4EA4 /* MediaLab */ = {isa = PBXFileSystemSynchronizedRootGroup; explicitFileTypes = {}; explicitFolders = (); path = MediaLab; sourceTree = "<group>"; };
/* End PBXFileSystemSynchronizedRootGroup section */

/* Begin PBXFrameworksBuildPhase section */
		26585A952C99502F005E0008 /* Frameworks */ = {
			isa = PBXFrameworksBuildPhase;
			buildActionMask = 2147483647;
			files = (
				26CB81482F1A59EA003D4EA4 /* MediaKit in Frameworks */,
				261395E72CAEF485001D6BC9 /* FirebaseMessaging in Frameworks */,
				261395DD2CAEF485001D6BC9 /* FirebaseFirestoreCombine-Community in Frameworks */,
				261395EB2CAEF485001D6BC9 /* FirebasePerformance in Frameworks */,
				261395F12CAEF485001D6BC9 /* FirebaseStorageCombine-Community in Frameworks */,
				261395ED2CAEF485001D6BC9 /* FirebaseRemoteConfig in Frameworks */,
				261395DF2CAEF485001D6BC9 /* FirebaseFunctions in Frameworks */,
				26E2AB652D53B30C00C34A9F /* SocketIO in Frameworks */,
				261395D72CAEF485001D6BC9 /* FirebaseDatabase in Frameworks */,
				261395D92CAEF485001D6BC9 /* FirebaseDynamicLinks in Frameworks */,
				265C931C2DA54B1700262DA3 /* FirebaseVertexAI-Preview in Frameworks */,
				261395C52CAD837A001D6BC9 /* FirebaseAppCheck in Frameworks */,
				261396062CB2D543001D6BC9 /* SDWebImageSwiftUI in Frameworks */,
				261395CF2CAEF469001D6BC9 /* FirebaseAuth in Frameworks */,
				261395BF2CAD837A001D6BC9 /* FirebaseAnalytics in Frameworks */,
				261395DB2CAEF485001D6BC9 /* FirebaseFirestore in Frameworks */,
				261395E52CAEF485001D6BC9 /* FirebaseInstallations in Frameworks */,
				265C931A2DA549C300262DA3 /* WebRTC in Frameworks */,
				261395E12CAEF485001D6BC9 /* FirebaseFunctionsCombine-Community in Frameworks */,
				261395C72CAD837A001D6BC9 /* FirebaseAppDistribution-Beta in Frameworks */,
				261395E92CAEF485001D6BC9 /* FirebaseMLModelDownloader in Frameworks */,
				261395C32CAD837A001D6BC9 /* FirebaseAnalyticsWithoutAdIdSupport in Frameworks */,
				261395E32CAEF485001D6BC9 /* FirebaseInAppMessaging-Beta in Frameworks */,
				261395D12CAEF485001D6BC9 /* FirebaseAuthCombine-Community in Frameworks */,
				261395D52CAEF485001D6BC9 /* FirebaseCrashlytics in Frameworks */,
				261395EF2CAEF485001D6BC9 /* FirebaseStorage in Frameworks */,
				261395D32CAEF485001D6BC9 /* FirebaseCore in Frameworks */,
				261395C12CAD837A001D6BC9 /* FirebaseAnalyticsOnDeviceConversion in Frameworks */,
			);
			runOnlyForDeploymentPostprocessing = 0;
		};
		26585AA72C995030005E0008 /* Frameworks */ = {
			isa = PBXFrameworksBuildPhase;
			buildActionMask = 2147483647;
			files = (
				26B065A62D7F42020056181E /* WebRTC.framework in Frameworks */,
				B9366177681B76C03DD67A7A /* Pods_MorepracticeTests.framework in Frameworks */,
			);
			runOnlyForDeploymentPostprocessing = 0;
		};
		26585AB12C995030005E0008 /* Frameworks */ = {
			isa = PBXFrameworksBuildPhase;
			buildActionMask = 2147483647;
			files = (
				FD086D66233D24371E65C679 /* Pods_MorepracticeUITests.framework in Frameworks */,
			);
			runOnlyForDeploymentPostprocessing = 0;
		};
		26CB81362F1A58CE003D4EA4 /* Frameworks */ = {
			isa = PBXFrameworksBuildPhase;
			buildActionMask = 2147483647;
			files = (
				26C5F3462F1A79A500FCAE6B /* FirebaseDatabase in Frameworks */,
				26CB81502F1A5B01003D4EA4 /* MediaKit in Frameworks */,
				26C5F3402F1A79A500FCAE6B /* FirebaseAuthCombine-Community in Frameworks */,
				26C5F3442F1A79A500FCAE6B /* FirebaseCrashlytics in Frameworks */,
				26C5F3422F1A79A500FCAE6B /* FirebaseCore in Frameworks */,
				26C5F34A2F1A79A500FCAE6B /* FirebaseFirestore in Frameworks */,
				26C5F3482F1A79A500FCAE6B /* FirebaseDynamicLinks in Frameworks */,
				26C5F33E2F1A79A500FCAE6B /* FirebaseAuth in Frameworks */,
			);
			runOnlyForDeploymentPostprocessing = 0;
		};
/* End PBXFrameworksBuildPhase section */

/* Begin PBXGroup section */
		25AA676FA4BC1E114C390705 /* Pods */ = {
			isa = PBXGroup;
			children = (
				4C55981486AA99738798CF04 /* Pods-MorepracticeTests.debug.xcconfig */,
				972A2E5E6447AEE1FA5BBF8F /* Pods-MorepracticeTests.release.xcconfig */,
				B33F26685AFDA1B59C2F1878 /* Pods-MorepracticeUITests.debug.xcconfig */,
				3EE3A8A8F0699C01D9EAD847 /* Pods-MorepracticeUITests.release.xcconfig */,
			);
			path = Pods;
			sourceTree = "<group>";
		};
		261395CD2CAEF469001D6BC9 /* Frameworks */ = {
			isa = PBXGroup;
			children = (
				26B065A72D80CC470056181E /* WebRTCiOSSDK.framework */,
				26B065A42D7F42020056181E /* WebRTC.framework */,
				7D7AFBC5A865710292395FF0 /* Pods_MorepracticeTests.framework */,
				11F764B24C6E43FFEB43D8C3 /* Pods_MorepracticeUITests.framework */,
			);
			name = Frameworks;
			sourceTree = "<group>";
		};
		26585A8F2C99502F005E0008 = {
			isa = PBXGroup;
			children = (
				26585A9A2C99502F005E0008 /* Morepractice */,
				26585AAD2C995030005E0008 /* MorepracticeTests */,
				26585AB72C995030005E0008 /* MorepracticeUITests */,
				26CB813A2F1A58CE003D4EA4 /* MediaLab */,
				26585A992C99502F005E0008 /* Products */,
				261395CD2CAEF469001D6BC9 /* Frameworks */,
				25AA676FA4BC1E114C390705 /* Pods */,
			);
			sourceTree = "<group>";
		};
		26585A992C99502F005E0008 /* Products */ = {
			isa = PBXGroup;
			children = (
				26585A982C99502F005E0008 /* Morepractice.app */,
				26585AAA2C995030005E0008 /* MorepracticeTests.xctest */,
				26585AB42C995030005E0008 /* MorepracticeUITests.xctest */,
				26CB81392F1A58CE003D4EA4 /* MediaLab.app */,
			);
			name = Products;
			sourceTree = "<group>";
		};
		26585A9A2C99502F005E0008 /* Morepractice */ = {
			isa = PBXGroup;
			children = (
				26585A9B2C99502F005E0008 /* MorepracticeApp.swift */,
				263D04882DB7CA0C0058F16A /* AddFavouritesView.swift */,
				26A68A9B2CBFE69500777FC3 /* AppDelegate.swift */,
				26D404D42D0D1E3C00B88731 /* AppUserModel.swift */,
				26EE09232D0F86C30048DC9C /* AppViewModel.swift */,
				26585AA12C995030005E0008 /* Assets.xcassets */,
				261395CB2CAEF284001D6BC9 /* AuthViewModel.swift */,
				265BDBEF2D1A2900007D2838 /* AutoChatManager.swift */,
				26660B4F2C99B95400A53EF2 /* bin.swift */,
				265BDBF92D1A7973007D2838 /* ChatUtils.swift */,
				26DE96E02EACB48F000FCBD5 /* Color+Hex.swift */,
				26D404DE2D0D2A9E00B88731 /* ChatViewModel.swift */,
				265BDBF72D1A5C0C007D2838 /* ChatViewModelProtocol.swift */,
				262154D42D0D42BA003D248E /* ChatViewWrapper.swift */,
				265BDC6F2D1AC519007D2838 /* CircleDashboardView.swift */,
				265BDC712D1AC53B007D2838 /* CircularDashboard.swift */,
				26C810A72D3692DA00517022 /* ConnectionsView.swift */,
				26585A9D2C99502F005E0008 /* ContentView.swift */,
				265BDBF12D1A50B6007D2838 /* EphemeralChatContainer.swift */,
				265BDBF32D1A50C6007D2838 /* EphemeralChatViewModel.swift */,
				260F075C2D1E20D500DB71C5 /* ErrorWrapper.swift */,
				263D04842DAB431A0058F16A /* FriendManager.swift */,
				263D04862DAB432E0058F16A /* FriendSearchView.swift */,
				260F075A2D1E1E6500DB71C5 /* FriendsView.swift */,
				26AC6B0E2CEFF5F3007A97C0 /* GoogleService-Info.plist */,
				260F075E2D1E211900DB71C5 /* ImagePicker.swift */,
				26585AC72C99507A005E0008 /* Info.plist */,
				26420BD42DBA5FC2000D8934 /* LinkControlMessage.swift */,
				26420BDA2DBA9CB5000D8934 /* LinkRatingView.swift */,
				26E2AB662D53C08A00C34A9F /* LinkEligibilityManager.swift */,
				26F013AA2DA890AA00D554F2 /* LinkingSettingsManager.swift */,
				26F013AE2DA8928600D554F2 /* LinkingSettingsView.swift */,
				26C810E42D4BF6F200517022 /* LinkManager.swift */,
				260F07642D309C3E00DB71C5 /* MediaInteractionView.swift */,
				260F07682D309E0C00DB71C5 /* MediaInteractionViewWrapper.swift */,
				26A782802C9CA3F90074967F /* MediaManager.swift */,
				260F07662D309C6B00DB71C5 /* MediaProtocols.swift */,
				263D046E2DAB0CF40058F16A /* MediaUploadMode.swift */,
				260F07582D1E1DC700DB71C5 /* MeView.swift */,
				26A782822C9D9A300074967F /* Models.swift */,
				26F013AC2DA890BB00D554F2 /* ModesView.swift */,
				263D048A2DB7CA210058F16A /* MyFavouritesView.swift */,
				26585ACE2C995B9C005E0008 /* MyHeartView.swift */,
				263D048C2DB7E8470058F16A /* MyUploadsView.swift */,
				260F076E2D30C44200DB71C5 /* PairScoringView.swift */,
				265BDBF52D1A5299007D2838 /* PersistentChatView.swift */,
				26585AA32C995030005E0008 /* Preview Content */,
				26585AD02C995BA3005E0008 /* Score.swift */,
				261396072CB2E15C001D6BC9 /* ScoreDetailView.swift */,
				26660B542C99CC1C00A53EF2 /* ScoreManager.swift */,
				260F07622D3032D400DB71C5 /* SettingsManager.swift */,
				26D404E22D0D2E1A00B88731 /* SettingsView.swift */,
				261395F42CAEF4FA001D6BC9 /* SignInView.swift */,
				261395F62CAEF50F001D6BC9 /* SignUpView.swift */,
				26D404D62D0D211100B88731 /* SimilarUserModel.swift */,
				262154D82D0D47B0003D248E /* SimilarUsersSectionView.swift */,
				260F076A2D30B12400DB71C5 /* SingleImageScoringView.swift */,
				260F076C2D30B12D00DB71C5 /* SingleVideoScoringView.swift */,
				260F07602D3032BB00DB71C5 /* SoundManager.swift */,
				265BDBED2D19C831007D2838 /* TagScore.swift */,
				26C810E62D4BF75D00517022 /* TemporaryChatViewController.swift */,
				26E2AB5F2D5269D700C34A9F /* TemporaryChatViewWrapper.swift */,
				263D047E2DAB38C90058F16A /* UploadButtonView.swift */,
				263D04742DAB0D1D0058F16A /* UploadDetailView.swift */,
				263D047A2DAB0F9A0058F16A /* UploadEditView.swift */,
				263D04782DAB0F8C0058F16A /* UploadMainView.swift */,
				263D04762DAB0D300058F16A /* UploadManager.swift */,
				263D04702DAB0D010058F16A /* UploadOptionsView.swift */,
				263D04822DAB3DD20058F16A /* UploadPickerView.swift */,
				26D404DA2D0D219500B88731 /* UserProfileModel.swift */,
				26660B502C99C81300A53EF2 /* VerticalSlider.swift */,
				26420BD82DBA9942000D8934 /* VideoChatView.swift */,
				26420BD62DBA60FD000D8934 /* VideoLinkState.swift */,
				26420BD22DBA5FB2000D8934 /* VideoLinkView.swift */,
			);
			path = Morepractice;
			sourceTree = "<group>";
		};
		26585AA32C995030005E0008 /* Preview Content */ = {
			isa = PBXGroup;
			children = (
				26585AA42C995030005E0008 /* Preview Assets.xcassets */,
			);
			path = "Preview Content";
			sourceTree = "<group>";
		};
		26585AAD2C995030005E0008 /* MorepracticeTests */ = {
			isa = PBXGroup;
			children = (
				26585AAE2C995030005E0008 /* MorepracticeTests.swift */,
			);
			path = MorepracticeTests;
			sourceTree = "<group>";
		};
		26585AB72C995030005E0008 /* MorepracticeUITests */ = {
			isa = PBXGroup;
			children = (
				26585AB82C995030005E0008 /* MorepracticeUITests.swift */,
				26585ABA2C995030005E0008 /* MorepracticeUITestsLaunchTests.swift */,
			);
			path = MorepracticeUITests;
			sourceTree = "<group>";
		};
/* End PBXGroup section */

/* Begin PBXNativeTarget section */
		26585A972C99502F005E0008 /* Morepractice */ = {
			isa = PBXNativeTarget;
			buildConfigurationList = 26585ABE2C995030005E0008 /* Build configuration list for PBXNativeTarget "Morepractice" */;
			buildPhases = (
				26585A942C99502F005E0008 /* Sources */,
				26585A952C99502F005E0008 /* Frameworks */,
				26585A962C99502F005E0008 /* Resources */,
			);
			buildRules = (
			);
			dependencies = (
			);
			name = Morepractice;
			packageProductDependencies = (
				261395BE2CAD837A001D6BC9 /* FirebaseAnalytics */,
				261395C02CAD837A001D6BC9 /* FirebaseAnalyticsOnDeviceConversion */,
				261395C22CAD837A001D6BC9 /* FirebaseAnalyticsWithoutAdIdSupport */,
				261395C42CAD837A001D6BC9 /* FirebaseAppCheck */,
				261395C62CAD837A001D6BC9 /* FirebaseAppDistribution-Beta */,
				261395CE2CAEF469001D6BC9 /* FirebaseAuth */,
				261395D02CAEF485001D6BC9 /* FirebaseAuthCombine-Community */,
				261395D22CAEF485001D6BC9 /* FirebaseCore */,
				261395D42CAEF485001D6BC9 /* FirebaseCrashlytics */,
				261395D62CAEF485001D6BC9 /* FirebaseDatabase */,
				261395D82CAEF485001D6BC9 /* FirebaseDynamicLinks */,
				261395DA2CAEF485001D6BC9 /* FirebaseFirestore */,
				261395DC2CAEF485001D6BC9 /* FirebaseFirestoreCombine-Community */,
				261395DE2CAEF485001D6BC9 /* FirebaseFunctions */,
				261395E02CAEF485001D6BC9 /* FirebaseFunctionsCombine-Community */,
				261395E22CAEF485001D6BC9 /* FirebaseInAppMessaging-Beta */,
				261395E42CAEF485001D6BC9 /* FirebaseInstallations */,
				261395E62CAEF485001D6BC9 /* FirebaseMessaging */,
				261395E82CAEF485001D6BC9 /* FirebaseMLModelDownloader */,
				261395EA2CAEF485001D6BC9 /* FirebasePerformance */,
				261395EC2CAEF485001D6BC9 /* FirebaseRemoteConfig */,
				261395EE2CAEF485001D6BC9 /* FirebaseStorage */,
				261395F02CAEF485001D6BC9 /* FirebaseStorageCombine-Community */,
				261396052CB2D543001D6BC9 /* SDWebImageSwiftUI */,
				26E2AB642D53B30C00C34A9F /* SocketIO */,
				265C93192DA549C300262DA3 /* WebRTC */,
				265C931B2DA54B1700262DA3 /* FirebaseVertexAI-Preview */,
				26CB81472F1A59EA003D4EA4 /* MediaKit */,
			);
			productName = Morepractice;
			productReference = 26585A982C99502F005E0008 /* Morepractice.app */;
			productType = "com.apple.product-type.application";
		};
		26585AA92C995030005E0008 /* MorepracticeTests */ = {
			isa = PBXNativeTarget;
			buildConfigurationList = 26585AC12C995030005E0008 /* Build configuration list for PBXNativeTarget "MorepracticeTests" */;
			buildPhases = (
				328C1009BB3988727E7DFF32 /* [CP] Check Pods Manifest.lock */,
				26585AA62C995030005E0008 /* Sources */,
				26585AA72C995030005E0008 /* Frameworks */,
				26585AA82C995030005E0008 /* Resources */,
			);
			buildRules = (
			);
			dependencies = (
				26585AAC2C995030005E0008 /* PBXTargetDependency */,
			);
			name = MorepracticeTests;
			productName = MorepracticeTests;
			productReference = 26585AAA2C995030005E0008 /* MorepracticeTests.xctest */;
			productType = "com.apple.product-type.bundle.unit-test";
		};
		26585AB32C995030005E0008 /* MorepracticeUITests */ = {
			isa = PBXNativeTarget;
			buildConfigurationList = 26585AC42C995030005E0008 /* Build configuration list for PBXNativeTarget "MorepracticeUITests" */;
			buildPhases = (
				54BC582E482F5B819419DF1E /* [CP] Check Pods Manifest.lock */,
				26585AB02C995030005E0008 /* Sources */,
				26585AB12C995030005E0008 /* Frameworks */,
				26585AB22C995030005E0008 /* Resources */,
			);
			buildRules = (
			);
			dependencies = (
				26585AB62C995030005E0008 /* PBXTargetDependency */,
			);
			name = MorepracticeUITests;
			productName = MorepracticeUITests;
			productReference = 26585AB42C995030005E0008 /* MorepracticeUITests.xctest */;
			productType = "com.apple.product-type.bundle.ui-testing";
		};
		26CB81382F1A58CE003D4EA4 /* MediaLab */ = {
			isa = PBXNativeTarget;
			buildConfigurationList = 26CB81452F1A58D0003D4EA4 /* Build configuration list for PBXNativeTarget "MediaLab" */;
			buildPhases = (
				26CB81352F1A58CE003D4EA4 /* Sources */,
				26CB81362F1A58CE003D4EA4 /* Frameworks */,
				26CB81372F1A58CE003D4EA4 /* Resources */,
			);
			buildRules = (
			);
			dependencies = (
			);
			fileSystemSynchronizedGroups = (
				26CB813A2F1A58CE003D4EA4 /* MediaLab */,
			);
			name = MediaLab;
			packageProductDependencies = (
				26CB81472F1A59EA003D4EA4 /* MediaKit */,
				26C5F33D2F1A79A500FCAE6B /* FirebaseAuth */,
				26C5F33F2F1A79A500FCAE6B /* FirebaseAuthCombine-Community */,
				26C5F3412F1A79A500FCAE6B /* FirebaseCore */,
				26C5F3432F1A79A500FCAE6B /* FirebaseCrashlytics */,
				26C5F3452F1A79A500FCAE6B /* FirebaseDatabase */,
				26C5F3472F1A79A500FCAE6B /* FirebaseDynamicLinks */,
				26C5F3492F1A79A500FCAE6B /* FirebaseFirestore */,
			);
			productName = MediaLab;
			productReference = 26CB81392F1A58CE003D4EA4 /* MediaLab.app */;
			productType = "com.apple.product-type.application";
		};
/* End PBXNativeTarget section */

/* Begin PBXProject section */
		26585A902C99502F005E0008 /* Project object */ = {
			isa = PBXProject;
			attributes = {
				BuildIndependentTargetsInParallel = 1;
				LastSwiftUpdateCheck = 2620;
				LastUpgradeCheck = 1500;
				TargetAttributes = {
					26585A972C99502F005E0008 = {
						CreatedOnToolsVersion = 15.0.1;
					};
					26585AA92C995030005E0008 = {
						CreatedOnToolsVersion = 15.0.1;
						TestTargetID = 26585A972C99502F005E0008;
					};
					26585AB32C995030005E0008 = {
						CreatedOnToolsVersion = 15.0.1;
						TestTargetID = 26585A972C99502F005E0008;
					};
					26CB81382F1A58CE003D4EA4 = {
						CreatedOnToolsVersion = 26.2;
					};
				};
			};
			buildConfigurationList = 26585A932C99502F005E0008 /* Build configuration list for PBXProject "Morepractice" */;
			compatibilityVersion = "Xcode 14.0";
			developmentRegion = en;
			hasScannedForEncodings = 0;
			knownRegions = (
				en,
				Base,
			);
			mainGroup = 26585A8F2C99502F005E0008;
			packageReferences = (
				261395BD2CAD837A001D6BC9 /* XCRemoteSwiftPackageReference "firebase-ios-sdk" */,
				261396042CB2D543001D6BC9 /* XCRemoteSwiftPackageReference "SDWebImageSwiftUI" */,
				26E2AB632D53B30C00C34A9F /* XCRemoteSwiftPackageReference "socket" */,
				265C93182DA549C300262DA3 /* XCRemoteSwiftPackageReference "WebRTC" */,
				26CB81462F1A59E9003D4EA4 /* XCLocalSwiftPackageReference "MediaKit" */,
			);
			productRefGroup = 26585A992C99502F005E0008 /* Products */;
			projectDirPath = "";
			projectRoot = "";
			targets = (
				26585A972C99502F005E0008 /* Morepractice */,
				26585AA92C995030005E0008 /* MorepracticeTests */,
				26585AB32C995030005E0008 /* MorepracticeUITests */,
				26CB81382F1A58CE003D4EA4 /* MediaLab */,
			);
		};
/* End PBXProject section */

/* Begin PBXResourcesBuildPhase section */
		26585A962C99502F005E0008 /* Resources */ = {
			isa = PBXResourcesBuildPhase;
			buildActionMask = 2147483647;
			files = (
				26585AA52C995030005E0008 /* Preview Assets.xcassets in Resources */,
				26585AA22C995030005E0008 /* Assets.xcassets in Resources */,
				26CB81492F1A5A2D003D4EA4 /* MediaLab.app in Resources */,
				26AC6B0F2CEFF5F3007A97C0 /* GoogleService-Info.plist in Resources */,
			);
			runOnlyForDeploymentPostprocessing = 0;
		};
		26585AA82C995030005E0008 /* Resources */ = {
			isa = PBXResourcesBuildPhase;
			buildActionMask = 2147483647;
			files = (
			);
			runOnlyForDeploymentPostprocessing = 0;
		};
		26585AB22C995030005E0008 /* Resources */ = {
			isa = PBXResourcesBuildPhase;
			buildActionMask = 2147483647;
			files = (
			);
			runOnlyForDeploymentPostprocessing = 0;
		};
		26CB81372F1A58CE003D4EA4 /* Resources */ = {
			isa = PBXResourcesBuildPhase;
			buildActionMask = 2147483647;
			files = (
				26C5F34D2F1A7D9A00FCAE6B /* GoogleService-Info.plist in Resources */,
			);
			runOnlyForDeploymentPostprocessing = 0;
		};
/* End PBXResourcesBuildPhase section */

/* Begin PBXShellScriptBuildPhase section */
		328C1009BB3988727E7DFF32 /* [CP] Check Pods Manifest.lock */ = {
			isa = PBXShellScriptBuildPhase;
			buildActionMask = 2147483647;
			files = (
			);
			inputFileListPaths = (
			);
			inputPaths = (
				"${PODS_PODFILE_DIR_PATH}/Podfile.lock",
				"${PODS_ROOT}/Manifest.lock",
			);
			name = "[CP] Check Pods Manifest.lock";
			outputFileListPaths = (
			);
			outputPaths = (
				"$(DERIVED_FILE_DIR)/Pods-MorepracticeTests-checkManifestLockResult.txt",
			);
			runOnlyForDeploymentPostprocessing = 0;
			shellPath = /bin/sh;
			shellScript = "diff \"${PODS_PODFILE_DIR_PATH}/Podfile.lock\" \"${PODS_ROOT}/Manifest.lock\" > /dev/null\nif [ $? != 0 ] ; then\n    # print error to STDERR\n    echo \"error: The sandbox is not in sync with the Podfile.lock. Run 'pod install' or update your CocoaPods installation.\" >&2\n    exit 1\nfi\n# This output is used by Xcode 'outputs' to avoid re-running this script phase.\necho \"SUCCESS\" > \"${SCRIPT_OUTPUT_FILE_0}\"\n";
			showEnvVarsInLog = 0;
		};
		54BC582E482F5B819419DF1E /* [CP] Check Pods Manifest.lock */ = {
			isa = PBXShellScriptBuildPhase;
			buildActionMask = 2147483647;
			files = (
			);
			inputFileListPaths = (
			);
			inputPaths = (
				"${PODS_PODFILE_DIR_PATH}/Podfile.lock",
				"${PODS_ROOT}/Manifest.lock",
			);
			name = "[CP] Check Pods Manifest.lock";
			outputFileListPaths = (
			);
			outputPaths = (
				"$(DERIVED_FILE_DIR)/Pods-MorepracticeUITests-checkManifestLockResult.txt",
			);
			runOnlyForDeploymentPostprocessing = 0;
			shellPath = /bin/sh;
			shellScript = "diff \"${PODS_PODFILE_DIR_PATH}/Podfile.lock\" \"${PODS_ROOT}/Manifest.lock\" > /dev/null\nif [ $? != 0 ] ; then\n    # print error to STDERR\n    echo \"error: The sandbox is not in sync with the Podfile.lock. Run 'pod install' or update your CocoaPods installation.\" >&2\n    exit 1\nfi\n# This output is used by Xcode 'outputs' to avoid re-running this script phase.\necho \"SUCCESS\" > \"${SCRIPT_OUTPUT_FILE_0}\"\n";
			showEnvVarsInLog = 0;
		};
/* End PBXShellScriptBuildPhase section */

/* Begin PBXSourcesBuildPhase section */
		26585A942C99502F005E0008 /* Sources */ = {
			isa = PBXSourcesBuildPhase;
			buildActionMask = 2147483647;
			files = (
				260F075B2D1E1E6500DB71C5 /* FriendsView.swift in Sources */,
				26F013AD2DA890BB00D554F2 /* ModesView.swift in Sources */,
				261395CC2CAEF284001D6BC9 /* AuthViewModel.swift in Sources */,
				26D404E32D0D2E1A00B88731 /* SettingsView.swift in Sources */,
				262154D92D0D47B0003D248E /* SimilarUsersSectionView.swift in Sources */,
				26D404DF2D0D2A9E00B88731 /* ChatViewModel.swift in Sources */,
				26585ACF2C995B9C005E0008 /* MyHeartView.swift in Sources */,
				26C810A82D3692DA00517022 /* ConnectionsView.swift in Sources */,
				262154D52D0D42BA003D248E /* ChatViewWrapper.swift in Sources */,
				260F075F2D1E211900DB71C5 /* ImagePicker.swift in Sources */,
				26420BD52DBA5FC2000D8934 /* LinkControlMessage.swift in Sources */,
				26A68A9C2CBFE69500777FC3 /* AppDelegate.swift in Sources */,
				26420BDB2DBA9CB5000D8934 /* LinkRatingView.swift in Sources */,
				263D04712DAB0D010058F16A /* UploadOptionsView.swift in Sources */,
				26420BD32DBA5FB2000D8934 /* VideoLinkView.swift in Sources */,
				26660B512C99C81300A53EF2 /* VerticalSlider.swift in Sources */,
				261396082CB2E15C001D6BC9 /* ScoreDetailView.swift in Sources */,
				261395F72CAEF50F001D6BC9 /* SignUpView.swift in Sources */,
				260F075D2D1E20D500DB71C5 /* ErrorWrapper.swift in Sources */,
				260F076F2D30C44200DB71C5 /* PairScoringView.swift in Sources */,
				260F07632D3032D400DB71C5 /* SettingsManager.swift in Sources */,
				26D404DB2D0D219500B88731 /* UserProfileModel.swift in Sources */,
				260F07652D309C3E00DB71C5 /* MediaInteractionView.swift in Sources */,
				26DE96E12EACB48F000FCBD5 /* Color+Hex.swift in Sources */,
				26A782812C9CA3F90074967F /* MediaManager.swift in Sources */,
				263D04852DAB431A0058F16A /* FriendManager.swift in Sources */,
				260F07672D309C6B00DB71C5 /* MediaProtocols.swift in Sources */,
				26C810E72D4BF75D00517022 /* TemporaryChatViewController.swift in Sources */,
				260F07612D3032BB00DB71C5 /* SoundManager.swift in Sources */,
				26EE09242D0F86C30048DC9C /* AppViewModel.swift in Sources */,
				263D04792DAB0F8C0058F16A /* UploadMainView.swift in Sources */,
				263D04772DAB0D300058F16A /* UploadManager.swift in Sources */,
				26585A9E2C99502F005E0008 /* ContentView.swift in Sources */,
				26E2AB602D5269D700C34A9F /* TemporaryChatViewWrapper.swift in Sources */,
				26F013AF2DA8928600D554F2 /* LinkingSettingsView.swift in Sources */,
				263D04752DAB0D1D0058F16A /* UploadDetailView.swift in Sources */,
				265BDC702D1AC519007D2838 /* CircleDashboardView.swift in Sources */,
				26D404D52D0D1E3C00B88731 /* AppUserModel.swift in Sources */,
				263D048D2DB7E8470058F16A /* MyUploadsView.swift in Sources */,
				263D04832DAB3DD20058F16A /* UploadPickerView.swift in Sources */,
				26585A9C2C99502F005E0008 /* MorepracticeApp.swift in Sources */,
				265BDBF82D1A5C0C007D2838 /* ChatViewModelProtocol.swift in Sources */,
				260F076B2D30B12400DB71C5 /* SingleImageScoringView.swift in Sources */,
				265BDBF62D1A5299007D2838 /* PersistentChatView.swift in Sources */,
				263D047F2DAB38C90058F16A /* UploadButtonView.swift in Sources */,
				265BDBF22D1A50B7007D2838 /* EphemeralChatContainer.swift in Sources */,
				263D048B2DB7CA210058F16A /* MyFavouritesView.swift in Sources */,
				26A782832C9D9A300074967F /* Models.swift in Sources */,
				26585AD12C995BA3005E0008 /* Score.swift in Sources */,
				260F07692D309E0C00DB71C5 /* MediaInteractionViewWrapper.swift in Sources */,
				265BDC722D1AC53B007D2838 /* CircularDashboard.swift in Sources */,
				261395F52CAEF4FA001D6BC9 /* SignInView.swift in Sources */,
				26F013AB2DA890AA00D554F2 /* LinkingSettingsManager.swift in Sources */,
				265BDBF02D1A2900007D2838 /* AutoChatManager.swift in Sources */,
				26E2AB672D53C08A00C34A9F /* LinkEligibilityManager.swift in Sources */,
				265BDBFA2D1A7973007D2838 /* ChatUtils.swift in Sources */,
				26D404D72D0D211100B88731 /* SimilarUserModel.swift in Sources */,
				26C810E52D4BF6F200517022 /* LinkManager.swift in Sources */,
				265BDBEE2D19C831007D2838 /* TagScore.swift in Sources */,
				260F076D2D30B12D00DB71C5 /* SingleVideoScoringView.swift in Sources */,
				263D04872DAB432E0058F16A /* FriendSearchView.swift in Sources */,
				26420BD92DBA9942000D8934 /* VideoChatView.swift in Sources */,
				263D04892DB7CA0C0058F16A /* AddFavouritesView.swift in Sources */,
				265BDBF42D1A50C6007D2838 /* EphemeralChatViewModel.swift in Sources */,
				260F07592D1E1DC700DB71C5 /* MeView.swift in Sources */,
				263D046F2DAB0CF40058F16A /* MediaUploadMode.swift in Sources */,
				26420BD72DBA60FD000D8934 /* VideoLinkState.swift in Sources */,
				263D047B2DAB0F9A0058F16A /* UploadEditView.swift in Sources */,
				26660B552C99CC1C00A53EF2 /* ScoreManager.swift in Sources */,
			);
			runOnlyForDeploymentPostprocessing = 0;
		};
		26585AA62C995030005E0008 /* Sources */ = {
			isa = PBXSourcesBuildPhase;
			buildActionMask = 2147483647;
			files = (
				26585AAF2C995030005E0008 /* MorepracticeTests.swift in Sources */,
			);
			runOnlyForDeploymentPostprocessing = 0;
		};
		26585AB02C995030005E0008 /* Sources */ = {
			isa = PBXSourcesBuildPhase;
			buildActionMask = 2147483647;
			files = (
				26585ABB2C995030005E0008 /* MorepracticeUITestsLaunchTests.swift in Sources */,
				26585AB92C995030005E0008 /* MorepracticeUITests.swift in Sources */,
			);
			runOnlyForDeploymentPostprocessing = 0;
		};
		26CB81352F1A58CE003D4EA4 /* Sources */ = {
			isa = PBXSourcesBuildPhase;
			buildActionMask = 2147483647;
			files = (
			);
			runOnlyForDeploymentPostprocessing = 0;
		};
/* End PBXSourcesBuildPhase section */

/* Begin PBXTargetDependency section */
		26585AAC2C995030005E0008 /* PBXTargetDependency */ = {
			isa = PBXTargetDependency;
			target = 26585A972C99502F005E0008 /* Morepractice */;
			targetProxy = 26585AAB2C995030005E0008 /* PBXContainerItemProxy */;
		};
		26585AB62C995030005E0008 /* PBXTargetDependency */ = {
			isa = PBXTargetDependency;
			target = 26585A972C99502F005E0008 /* Morepractice */;
			targetProxy = 26585AB52C995030005E0008 /* PBXContainerItemProxy */;
		};
/* End PBXTargetDependency section */

/* Begin XCBuildConfiguration section */
		26585ABC2C995030005E0008 /* Debug */ = {
			isa = XCBuildConfiguration;
			buildSettings = {
				ALWAYS_SEARCH_USER_PATHS = NO;
				ASSETCATALOG_COMPILER_GENERATE_SWIFT_ASSET_SYMBOL_EXTENSIONS = YES;
				CLANG_ANALYZER_NONNULL = YES;
				CLANG_ANALYZER_NUMBER_OBJECT_CONVERSION = YES_AGGRESSIVE;
				CLANG_CXX_LANGUAGE_STANDARD = "gnu++20";
				CLANG_ENABLE_MODULES = YES;
				CLANG_ENABLE_OBJC_ARC = YES;
				CLANG_ENABLE_OBJC_WEAK = YES;
				CLANG_WARN_BLOCK_CAPTURE_AUTORELEASING = YES;
				CLANG_WARN_BOOL_CONVERSION = YES;
				CLANG_WARN_COMMA = YES;
				CLANG_WARN_CONSTANT_CONVERSION = YES;
				CLANG_WARN_DEPRECATED_OBJC_IMPLEMENTATIONS = YES;
				CLANG_WARN_DIRECT_OBJC_ISA_USAGE = YES_ERROR;
				CLANG_WARN_DOCUMENTATION_COMMENTS = YES;
				CLANG_WARN_EMPTY_BODY = YES;
				CLANG_WARN_ENUM_CONVERSION = YES;
				CLANG_WARN_INFINITE_RECURSION = YES;
				CLANG_WARN_INT_CONVERSION = YES;
				CLANG_WARN_NON_LITERAL_NULL_CONVERSION = YES;
				CLANG_WARN_OBJC_IMPLICIT_RETAIN_SELF = YES;
				CLANG_WARN_OBJC_LITERAL_CONVERSION = YES;
				CLANG_WARN_OBJC_ROOT_CLASS = YES_ERROR;
				CLANG_WARN_QUOTED_INCLUDE_IN_FRAMEWORK_HEADER = YES;
				CLANG_WARN_RANGE_LOOP_ANALYSIS = YES;
				CLANG_WARN_STRICT_PROTOTYPES = YES;
				CLANG_WARN_SUSPICIOUS_MOVE = YES;
				CLANG_WARN_UNGUARDED_AVAILABILITY = YES_AGGRESSIVE;
				CLANG_WARN_UNREACHABLE_CODE = YES;
				CLANG_WARN__DUPLICATE_METHOD_MATCH = YES;
				COPY_PHASE_STRIP = NO;
				DEBUG_INFORMATION_FORMAT = dwarf;
				ENABLE_STRICT_OBJC_MSGSEND = YES;
				ENABLE_TESTABILITY = YES;
				ENABLE_USER_SCRIPT_SANDBOXING = YES;
				GCC_C_LANGUAGE_STANDARD = gnu17;
				GCC_DYNAMIC_NO_PIC = NO;
				GCC_NO_COMMON_BLOCKS = YES;
				GCC_OPTIMIZATION_LEVEL = 0;
				GCC_PREPROCESSOR_DEFINITIONS = (
					"DEBUG=1",
					"$(inherited)",
				);
				GCC_WARN_64_TO_32_BIT_CONVERSION = YES;
				GCC_WARN_ABOUT_RETURN_TYPE = YES_ERROR;
				GCC_WARN_UNDECLARED_SELECTOR = YES;
				GCC_WARN_UNINITIALIZED_AUTOS = YES_AGGRESSIVE;
				GCC_WARN_UNUSED_FUNCTION = YES;
				GCC_WARN_UNUSED_VARIABLE = YES;
				IPHONEOS_DEPLOYMENT_TARGET = 17.0;
				LOCALIZATION_PREFERS_STRING_CATALOGS = YES;
				MTL_ENABLE_DEBUG_INFO = INCLUDE_SOURCE;
				MTL_FAST_MATH = YES;
				ONLY_ACTIVE_ARCH = YES;
				SDKROOT = iphoneos;
				SWIFT_ACTIVE_COMPILATION_CONDITIONS = "DEBUG $(inherited)";
				SWIFT_OPTIMIZATION_LEVEL = "-Onone";
			};
			name = Debug;
		};
		26585ABD2C995030005E0008 /* Release */ = {
			isa = XCBuildConfiguration;
			buildSettings = {
				ALWAYS_SEARCH_USER_PATHS = NO;
				ASSETCATALOG_COMPILER_GENERATE_SWIFT_ASSET_SYMBOL_EXTENSIONS = YES;
				CLANG_ANALYZER_NONNULL = YES;
				CLANG_ANALYZER_NUMBER_OBJECT_CONVERSION = YES_AGGRESSIVE;
				CLANG_CXX_LANGUAGE_STANDARD = "gnu++20";
				CLANG_ENABLE_MODULES = YES;
				CLANG_ENABLE_OBJC_ARC = YES;
				CLANG_ENABLE_OBJC_WEAK = YES;
				CLANG_WARN_BLOCK_CAPTURE_AUTORELEASING = YES;
				CLANG_WARN_BOOL_CONVERSION = YES;
				CLANG_WARN_COMMA = YES;
				CLANG_WARN_CONSTANT_CONVERSION = YES;
				CLANG_WARN_DEPRECATED_OBJC_IMPLEMENTATIONS = YES;
				CLANG_WARN_DIRECT_OBJC_ISA_USAGE = YES_ERROR;
				CLANG_WARN_DOCUMENTATION_COMMENTS = YES;
				CLANG_WARN_EMPTY_BODY = YES;
				CLANG_WARN_ENUM_CONVERSION = YES;
				CLANG_WARN_INFINITE_RECURSION = YES;
				CLANG_WARN_INT_CONVERSION = YES;
				CLANG_WARN_NON_LITERAL_NULL_CONVERSION = YES;
				CLANG_WARN_OBJC_IMPLICIT_RETAIN_SELF = YES;
				CLANG_WARN_OBJC_LITERAL_CONVERSION = YES;
				CLANG_WARN_OBJC_ROOT_CLASS = YES_ERROR;
				CLANG_WARN_QUOTED_INCLUDE_IN_FRAMEWORK_HEADER = YES;
				CLANG_WARN_RANGE_LOOP_ANALYSIS = YES;
				CLANG_WARN_STRICT_PROTOTYPES = YES;
				CLANG_WARN_SUSPICIOUS_MOVE = YES;
				CLANG_WARN_UNGUARDED_AVAILABILITY = YES_AGGRESSIVE;
				CLANG_WARN_UNREACHABLE_CODE = YES;
				CLANG_WARN__DUPLICATE_METHOD_MATCH = YES;
				COPY_PHASE_STRIP = NO;
				DEBUG_INFORMATION_FORMAT = "dwarf-with-dsym";
				ENABLE_NS_ASSERTIONS = NO;
				ENABLE_STRICT_OBJC_MSGSEND = YES;
				ENABLE_USER_SCRIPT_SANDBOXING = YES;
				GCC_C_LANGUAGE_STANDARD = gnu17;
				GCC_NO_COMMON_BLOCKS = YES;
				GCC_WARN_64_TO_32_BIT_CONVERSION = YES;
				GCC_WARN_ABOUT_RETURN_TYPE = YES_ERROR;
				GCC_WARN_UNDECLARED_SELECTOR = YES;
				GCC_WARN_UNINITIALIZED_AUTOS = YES_AGGRESSIVE;
				GCC_WARN_UNUSED_FUNCTION = YES;
				GCC_WARN_UNUSED_VARIABLE = YES;
				IPHONEOS_DEPLOYMENT_TARGET = 17.0;
				LOCALIZATION_PREFERS_STRING_CATALOGS = YES;
				MTL_ENABLE_DEBUG_INFO = NO;
				MTL_FAST_MATH = YES;
				SDKROOT = iphoneos;
				SWIFT_COMPILATION_MODE = wholemodule;
				VALIDATE_PRODUCT = YES;
			};
			name = Release;
		};
		26585ABF2C995030005E0008 /* Debug */ = {
			isa = XCBuildConfiguration;
			buildSettings = {
				ASSETCATALOG_COMPILER_APPICON_NAME = AppIcon;
				ASSETCATALOG_COMPILER_GLOBAL_ACCENT_COLOR_NAME = AccentColor;
				CODE_SIGN_STYLE = Automatic;
				CURRENT_PROJECT_VERSION = 1;
				DEVELOPMENT_ASSET_PATHS = "\"Morepractice/Preview Content\"";
				DEVELOPMENT_TEAM = W9TZMY6W44;
				ENABLE_PREVIEWS = YES;
				FRAMEWORK_SEARCH_PATHS = (
					"$(inherited)",
					"$(PROJECT_DIR)",
				);
				"FRAMEWORK_SEARCH_PATHS[arch=*]" = "/Users/fredolivier/Library/Developer/Xcode/DerivedData/Morepractice-avpnqaihcwljlqfmwlshhsmbajwb/SourcePackages/checkouts/WebRTC-iOS-SDK";
				GENERATE_INFOPLIST_FILE = YES;
				INFOPLIST_KEY_CFBundleDisplayName = 2me;
				INFOPLIST_KEY_NSCameraUsageDescription = yes;
				INFOPLIST_KEY_NSMicrophoneUsageDescription = yes;
				INFOPLIST_KEY_NSPhotoLibraryAddUsageDescription = yes;
				INFOPLIST_KEY_NSPhotoLibraryUsageDescription = yes;
				INFOPLIST_KEY_UIApplicationSceneManifest_Generation = YES;
				INFOPLIST_KEY_UIApplicationSupportsIndirectInputEvents = YES;
				INFOPLIST_KEY_UILaunchScreen_Generation = YES;
				INFOPLIST_KEY_UISupportedInterfaceOrientations_iPad = "UIInterfaceOrientationPortrait UIInterfaceOrientationPortraitUpsideDown UIInterfaceOrientationLandscapeLeft UIInterfaceOrientationLandscapeRight";
				INFOPLIST_KEY_UISupportedInterfaceOrientations_iPhone = "UIInterfaceOrientationPortrait UIInterfaceOrientationLandscapeLeft UIInterfaceOrientationLandscapeRight";
				LD_RUNPATH_SEARCH_PATHS = (
					"$(inherited)",
					"@executable_path/Frameworks",
				);
				MARKETING_VERSION = 1.0;
				PRODUCT_BUNDLE_IDENTIFIER = com.example.choosingapp.Morepractice;
				PRODUCT_NAME = "$(TARGET_NAME)";
				SWIFT_EMIT_LOC_STRINGS = YES;
				SWIFT_VERSION = 5.0;
				TARGETED_DEVICE_FAMILY = "1,2";
			};
			name = Debug;
		};
		26585AC02C995030005E0008 /* Release */ = {
			isa = XCBuildConfiguration;
			buildSettings = {
				ASSETCATALOG_COMPILER_APPICON_NAME = AppIcon;
				ASSETCATALOG_COMPILER_GLOBAL_ACCENT_COLOR_NAME = AccentColor;
				CODE_SIGN_STYLE = Automatic;
				CURRENT_PROJECT_VERSION = 1;
				DEVELOPMENT_ASSET_PATHS = "\"Morepractice/Preview Content\"";
				DEVELOPMENT_TEAM = W9TZMY6W44;
				ENABLE_PREVIEWS = YES;
				FRAMEWORK_SEARCH_PATHS = (
					"$(inherited)",
					"$(PROJECT_DIR)",
				);
				"FRAMEWORK_SEARCH_PATHS[arch=*]" = "/Users/fredolivier/Library/Developer/Xcode/DerivedData/Morepractice-avpnqaihcwljlqfmwlshhsmbajwb/SourcePackages/checkouts/WebRTC-iOS-SDK";
				GENERATE_INFOPLIST_FILE = YES;
				INFOPLIST_KEY_CFBundleDisplayName = 2me;
				INFOPLIST_KEY_NSCameraUsageDescription = yes;
				INFOPLIST_KEY_NSMicrophoneUsageDescription = yes;
				INFOPLIST_KEY_NSPhotoLibraryAddUsageDescription = yes;
				INFOPLIST_KEY_NSPhotoLibraryUsageDescription = yes;
				INFOPLIST_KEY_UIApplicationSceneManifest_Generation = YES;
				INFOPLIST_KEY_UIApplicationSupportsIndirectInputEvents = YES;
				INFOPLIST_KEY_UILaunchScreen_Generation = YES;
				INFOPLIST_KEY_UISupportedInterfaceOrientations_iPad = "UIInterfaceOrientationPortrait UIInterfaceOrientationPortraitUpsideDown UIInterfaceOrientationLandscapeLeft UIInterfaceOrientationLandscapeRight";
				INFOPLIST_KEY_UISupportedInterfaceOrientations_iPhone = "UIInterfaceOrientationPortrait UIInterfaceOrientationLandscapeLeft UIInterfaceOrientationLandscapeRight";
				LD_RUNPATH_SEARCH_PATHS = (
					"$(inherited)",
					"@executable_path/Frameworks",
				);
				MARKETING_VERSION = 1.0;
				PRODUCT_BUNDLE_IDENTIFIER = com.example.choosingapp.Morepractice;
				PRODUCT_NAME = "$(TARGET_NAME)";
				SWIFT_EMIT_LOC_STRINGS = YES;
				SWIFT_VERSION = 5.0;
				TARGETED_DEVICE_FAMILY = "1,2";
			};
			name = Release;
		};
		26585AC22C995030005E0008 /* Debug */ = {
			isa = XCBuildConfiguration;
			baseConfigurationReference = 4C55981486AA99738798CF04 /* Pods-MorepracticeTests.debug.xcconfig */;
			buildSettings = {
				ALWAYS_EMBED_SWIFT_STANDARD_LIBRARIES = YES;
				BUNDLE_LOADER = "$(TEST_HOST)";
				CODE_SIGN_STYLE = Automatic;
				CURRENT_PROJECT_VERSION = 1;
				FRAMEWORK_SEARCH_PATHS = (
					"$(inherited)",
					"$(PROJECT_DIR)",
				);
				GENERATE_INFOPLIST_FILE = YES;
				IPHONEOS_DEPLOYMENT_TARGET = 17.0;
				MARKETING_VERSION = 1.0;
				PRODUCT_BUNDLE_IDENTIFIER = com.example.choosingapp.MorepracticeTests;
				PRODUCT_NAME = "$(TARGET_NAME)";
				SWIFT_EMIT_LOC_STRINGS = NO;
				SWIFT_VERSION = 5.0;
				TARGETED_DEVICE_FAMILY = "1,2";
				TEST_HOST = "$(BUILT_PRODUCTS_DIR)/Morepractice.app/$(BUNDLE_EXECUTABLE_FOLDER_PATH)/Morepractice";
			};
			name = Debug;
		};
		26585AC32C995030005E0008 /* Release */ = {
			isa = XCBuildConfiguration;
			baseConfigurationReference = 972A2E5E6447AEE1FA5BBF8F /* Pods-MorepracticeTests.release.xcconfig */;
			buildSettings = {
				ALWAYS_EMBED_SWIFT_STANDARD_LIBRARIES = YES;
				BUNDLE_LOADER = "$(TEST_HOST)";
				CODE_SIGN_STYLE = Automatic;
				CURRENT_PROJECT_VERSION = 1;
				FRAMEWORK_SEARCH_PATHS = (
					"$(inherited)",
					"$(PROJECT_DIR)",
				);
				GENERATE_INFOPLIST_FILE = YES;
				IPHONEOS_DEPLOYMENT_TARGET = 17.0;
				MARKETING_VERSION = 1.0;
				PRODUCT_BUNDLE_IDENTIFIER = com.example.choosingapp.MorepracticeTests;
				PRODUCT_NAME = "$(TARGET_NAME)";
				SWIFT_EMIT_LOC_STRINGS = NO;
				SWIFT_VERSION = 5.0;
				TARGETED_DEVICE_FAMILY = "1,2";
				TEST_HOST = "$(BUILT_PRODUCTS_DIR)/Morepractice.app/$(BUNDLE_EXECUTABLE_FOLDER_PATH)/Morepractice";
			};
			name = Release;
		};
		26585AC52C995030005E0008 /* Debug */ = {
			isa = XCBuildConfiguration;
			baseConfigurationReference = B33F26685AFDA1B59C2F1878 /* Pods-MorepracticeUITests.debug.xcconfig */;
			buildSettings = {
				ALWAYS_EMBED_SWIFT_STANDARD_LIBRARIES = YES;
				CODE_SIGN_STYLE = Automatic;
				CURRENT_PROJECT_VERSION = 1;
				GENERATE_INFOPLIST_FILE = YES;
				MARKETING_VERSION = 1.0;
				PRODUCT_BUNDLE_IDENTIFIER = com.example.choosingapp.MorepracticeUITests;
				PRODUCT_NAME = "$(TARGET_NAME)";
				SWIFT_EMIT_LOC_STRINGS = NO;
				SWIFT_VERSION = 5.0;
				TARGETED_DEVICE_FAMILY = "1,2";
				TEST_TARGET_NAME = Morepractice;
			};
			name = Debug;
		};
		26585AC62C995030005E0008 /* Release */ = {
			isa = XCBuildConfiguration;
			baseConfigurationReference = 3EE3A8A8F0699C01D9EAD847 /* Pods-MorepracticeUITests.release.xcconfig */;
			buildSettings = {
				ALWAYS_EMBED_SWIFT_STANDARD_LIBRARIES = YES;
				CODE_SIGN_STYLE = Automatic;
				CURRENT_PROJECT_VERSION = 1;
				GENERATE_INFOPLIST_FILE = YES;
				MARKETING_VERSION = 1.0;
				PRODUCT_BUNDLE_IDENTIFIER = com.example.choosingapp.MorepracticeUITests;
				PRODUCT_NAME = "$(TARGET_NAME)";
				SWIFT_EMIT_LOC_STRINGS = NO;
				SWIFT_VERSION = 5.0;
				TARGETED_DEVICE_FAMILY = "1,2";
				TEST_TARGET_NAME = Morepractice;
			};
			name = Release;
		};
		26CB81432F1A58D0003D4EA4 /* Debug */ = {
			isa = XCBuildConfiguration;
			buildSettings = {
				ASSETCATALOG_COMPILER_APPICON_NAME = AppIcon;
				ASSETCATALOG_COMPILER_GLOBAL_ACCENT_COLOR_NAME = AccentColor;
				CODE_SIGN_STYLE = Automatic;
				CURRENT_PROJECT_VERSION = 1;
				DEVELOPMENT_TEAM = N2FYH8H5NC;
				ENABLE_PREVIEWS = YES;
				GENERATE_INFOPLIST_FILE = YES;
				INFOPLIST_KEY_UIApplicationSceneManifest_Generation = YES;
				INFOPLIST_KEY_UIApplicationSupportsIndirectInputEvents = YES;
				INFOPLIST_KEY_UILaunchScreen_Generation = YES;
				INFOPLIST_KEY_UISupportedInterfaceOrientations_iPad = "UIInterfaceOrientationPortrait UIInterfaceOrientationPortraitUpsideDown UIInterfaceOrientationLandscapeLeft UIInterfaceOrientationLandscapeRight";
				INFOPLIST_KEY_UISupportedInterfaceOrientations_iPhone = "UIInterfaceOrientationPortrait UIInterfaceOrientationLandscapeLeft UIInterfaceOrientationLandscapeRight";
				IPHONEOS_DEPLOYMENT_TARGET = 26.2;
				LD_RUNPATH_SEARCH_PATHS = (
					"$(inherited)",
					"@executable_path/Frameworks",
				);
				MARKETING_VERSION = 1.0;
				PRODUCT_BUNDLE_IDENTIFIER = com.example.choosingapp.MediaLab;
				PRODUCT_NAME = "$(TARGET_NAME)";
				STRING_CATALOG_GENERATE_SYMBOLS = YES;
				SWIFT_APPROACHABLE_CONCURRENCY = YES;
				SWIFT_DEFAULT_ACTOR_ISOLATION = MainActor;
				SWIFT_EMIT_LOC_STRINGS = YES;
				SWIFT_UPCOMING_FEATURE_MEMBER_IMPORT_VISIBILITY = YES;
				SWIFT_VERSION = 5.0;
				TARGETED_DEVICE_FAMILY = "1,2";
			};
			name = Debug;
		};
		26CB81442F1A58D0003D4EA4 /* Release */ = {
			isa = XCBuildConfiguration;
			buildSettings = {
				ASSETCATALOG_COMPILER_APPICON_NAME = AppIcon;
				ASSETCATALOG_COMPILER_GLOBAL_ACCENT_COLOR_NAME = AccentColor;
				CODE_SIGN_STYLE = Automatic;
				CURRENT_PROJECT_VERSION = 1;
				DEVELOPMENT_TEAM = N2FYH8H5NC;
				ENABLE_PREVIEWS = YES;
				GENERATE_INFOPLIST_FILE = YES;
				INFOPLIST_KEY_UIApplicationSceneManifest_Generation = YES;
				INFOPLIST_KEY_UIApplicationSupportsIndirectInputEvents = YES;
				INFOPLIST_KEY_UILaunchScreen_Generation = YES;
				INFOPLIST_KEY_UISupportedInterfaceOrientations_iPad = "UIInterfaceOrientationPortrait UIInterfaceOrientationPortraitUpsideDown UIInterfaceOrientationLandscapeLeft UIInterfaceOrientationLandscapeRight";
				INFOPLIST_KEY_UISupportedInterfaceOrientations_iPhone = "UIInterfaceOrientationPortrait UIInterfaceOrientationLandscapeLeft UIInterfaceOrientationLandscapeRight";
				IPHONEOS_DEPLOYMENT_TARGET = 26.2;
				LD_RUNPATH_SEARCH_PATHS = (
					"$(inherited)",
					"@executable_path/Frameworks",
				);
				MARKETING_VERSION = 1.0;
				PRODUCT_BUNDLE_IDENTIFIER = com.example.choosingapp.MediaLab;
				PRODUCT_NAME = "$(TARGET_NAME)";
				STRING_CATALOG_GENERATE_SYMBOLS = YES;
				SWIFT_APPROACHABLE_CONCURRENCY = YES;
				SWIFT_DEFAULT_ACTOR_ISOLATION = MainActor;
				SWIFT_EMIT_LOC_STRINGS = YES;
				SWIFT_UPCOMING_FEATURE_MEMBER_IMPORT_VISIBILITY = YES;
				SWIFT_VERSION = 5.0;
				TARGETED_DEVICE_FAMILY = "1,2";
			};
			name = Release;
		};
/* End XCBuildConfiguration section */

/* Begin XCConfigurationList section */
		26585A932C99502F005E0008 /* Build configuration list for PBXProject "Morepractice" */ = {
			isa = XCConfigurationList;
			buildConfigurations = (
				26585ABC2C995030005E0008 /* Debug */,
				26585ABD2C995030005E0008 /* Release */,
			);
			defaultConfigurationIsVisible = 0;
			defaultConfigurationName = Release;
		};
		26585ABE2C995030005E0008 /* Build configuration list for PBXNativeTarget "Morepractice" */ = {
			isa = XCConfigurationList;
			buildConfigurations = (
				26585ABF2C995030005E0008 /* Debug */,
				26585AC02C995030005E0008 /* Release */,
			);
			defaultConfigurationIsVisible = 0;
			defaultConfigurationName = Release;
		};
		26585AC12C995030005E0008 /* Build configuration list for PBXNativeTarget "MorepracticeTests" */ = {
			isa = XCConfigurationList;
			buildConfigurations = (
				26585AC22C995030005E0008 /* Debug */,
				26585AC32C995030005E0008 /* Release */,
			);
			defaultConfigurationIsVisible = 0;
			defaultConfigurationName = Release;
		};
		26585AC42C995030005E0008 /* Build configuration list for PBXNativeTarget "MorepracticeUITests" */ = {
			isa = XCConfigurationList;
			buildConfigurations = (
				26585AC52C995030005E0008 /* Debug */,
				26585AC62C995030005E0008 /* Release */,
			);
			defaultConfigurationIsVisible = 0;
			defaultConfigurationName = Release;
		};
		26CB81452F1A58D0003D4EA4 /* Build configuration list for PBXNativeTarget "MediaLab" */ = {
			isa = XCConfigurationList;
			buildConfigurations = (
				26CB81432F1A58D0003D4EA4 /* Debug */,
				26CB81442F1A58D0003D4EA4 /* Release */,
			);
			defaultConfigurationIsVisible = 0;
			defaultConfigurationName = Release;
		};
/* End XCConfigurationList section */

/* Begin XCLocalSwiftPackageReference section */
		26CB81462F1A59E9003D4EA4 /* XCLocalSwiftPackageReference "MediaKit" */ = {
			isa = XCLocalSwiftPackageReference;
			relativePath = MediaKit;
		};
/* End XCLocalSwiftPackageReference section */

/* Begin XCRemoteSwiftPackageReference section */
		261395BD2CAD837A001D6BC9 /* XCRemoteSwiftPackageReference "firebase-ios-sdk" */ = {
			isa = XCRemoteSwiftPackageReference;
			repositoryURL = "https://github.com/firebase/firebase-ios-sdk";
			requirement = {
				kind = upToNextMajorVersion;
				minimumVersion = 11.3.0;
			};
		};
		261396042CB2D543001D6BC9 /* XCRemoteSwiftPackageReference "SDWebImageSwiftUI" */ = {
			isa = XCRemoteSwiftPackageReference;
			repositoryURL = "https://github.com/SDWebImage/SDWebImageSwiftUI.git";
			requirement = {
				kind = upToNextMajorVersion;
				minimumVersion = 3.1.2;
			};
		};
		265C93182DA549C300262DA3 /* XCRemoteSwiftPackageReference "WebRTC" */ = {
			isa = XCRemoteSwiftPackageReference;
			repositoryURL = "https://github.com/stasel/WebRTC.git";
			requirement = {
				kind = upToNextMajorVersion;
				minimumVersion = 134.0.0;
			};
		};
		26E2AB632D53B30C00C34A9F /* XCRemoteSwiftPackageReference "socket" */ = {
			isa = XCRemoteSwiftPackageReference;
			repositoryURL = "https://github.com/socketio/socket.io-client-swift";
			requirement = {
				branch = master;
				kind = branch;
			};
		};
/* End XCRemoteSwiftPackageReference section */

/* Begin XCSwiftPackageProductDependency section */
		261395BE2CAD837A001D6BC9 /* FirebaseAnalytics */ = {
			isa = XCSwiftPackageProductDependency;
			package = 261395BD2CAD837A001D6BC9 /* XCRemoteSwiftPackageReference "firebase-ios-sdk" */;
			productName = FirebaseAnalytics;
		};
		261395C02CAD837A001D6BC9 /* FirebaseAnalyticsOnDeviceConversion */ = {
			isa = XCSwiftPackageProductDependency;
			package = 261395BD2CAD837A001D6BC9 /* XCRemoteSwiftPackageReference "firebase-ios-sdk" */;
			productName = FirebaseAnalyticsOnDeviceConversion;
		};
		261395C22CAD837A001D6BC9 /* FirebaseAnalyticsWithoutAdIdSupport */ = {
			isa = XCSwiftPackageProductDependency;
			package = 261395BD2CAD837A001D6BC9 /* XCRemoteSwiftPackageReference "firebase-ios-sdk" */;
			productName = FirebaseAnalyticsWithoutAdIdSupport;
		};
		261395C42CAD837A001D6BC9 /* FirebaseAppCheck */ = {
			isa = XCSwiftPackageProductDependency;
			package = 261395BD2CAD837A001D6BC9 /* XCRemoteSwiftPackageReference "firebase-ios-sdk" */;
			productName = FirebaseAppCheck;
		};
		261395C62CAD837A001D6BC9 /* FirebaseAppDistribution-Beta */ = {
			isa = XCSwiftPackageProductDependency;
			package = 261395BD2CAD837A001D6BC9 /* XCRemoteSwiftPackageReference "firebase-ios-sdk" */;
			productName = "FirebaseAppDistribution-Beta";
		};
		261395CE2CAEF469001D6BC9 /* FirebaseAuth */ = {
			isa = XCSwiftPackageProductDependency;
			package = 261395BD2CAD837A001D6BC9 /* XCRemoteSwiftPackageReference "firebase-ios-sdk" */;
			productName = FirebaseAuth;
		};
		261395D02CAEF485001D6BC9 /* FirebaseAuthCombine-Community */ = {
			isa = XCSwiftPackageProductDependency;
			package = 261395BD2CAD837A001D6BC9 /* XCRemoteSwiftPackageReference "firebase-ios-sdk" */;
			productName = "FirebaseAuthCombine-Community";
		};
		261395D22CAEF485001D6BC9 /* FirebaseCore */ = {
			isa = XCSwiftPackageProductDependency;
			package = 261395BD2CAD837A001D6BC9 /* XCRemoteSwiftPackageReference "firebase-ios-sdk" */;
			productName = FirebaseCore;
		};
		261395D42CAEF485001D6BC9 /* FirebaseCrashlytics */ = {
			isa = XCSwiftPackageProductDependency;
			package = 261395BD2CAD837A001D6BC9 /* XCRemoteSwiftPackageReference "firebase-ios-sdk" */;
			productName = FirebaseCrashlytics;
		};
		261395D62CAEF485001D6BC9 /* FirebaseDatabase */ = {
			isa = XCSwiftPackageProductDependency;
			package = 261395BD2CAD837A001D6BC9 /* XCRemoteSwiftPackageReference "firebase-ios-sdk" */;
			productName = FirebaseDatabase;
		};
		261395D82CAEF485001D6BC9 /* FirebaseDynamicLinks */ = {
			isa = XCSwiftPackageProductDependency;
			package = 261395BD2CAD837A001D6BC9 /* XCRemoteSwiftPackageReference "firebase-ios-sdk" */;
			productName = FirebaseDynamicLinks;
		};
		261395DA2CAEF485001D6BC9 /* FirebaseFirestore */ = {
			isa = XCSwiftPackageProductDependency;
			package = 261395BD2CAD837A001D6BC9 /* XCRemoteSwiftPackageReference "firebase-ios-sdk" */;
			productName = FirebaseFirestore;
		};
		261395DC2CAEF485001D6BC9 /* FirebaseFirestoreCombine-Community */ = {
			isa = XCSwiftPackageProductDependency;
			package = 261395BD2CAD837A001D6BC9 /* XCRemoteSwiftPackageReference "firebase-ios-sdk" */;
			productName = "FirebaseFirestoreCombine-Community";
		};
		261395DE2CAEF485001D6BC9 /* FirebaseFunctions */ = {
			isa = XCSwiftPackageProductDependency;
			package = 261395BD2CAD837A001D6BC9 /* XCRemoteSwiftPackageReference "firebase-ios-sdk" */;
			productName = FirebaseFunctions;
		};
		261395E02CAEF485001D6BC9 /* FirebaseFunctionsCombine-Community */ = {
			isa = XCSwiftPackageProductDependency;
			package = 261395BD2CAD837A001D6BC9 /* XCRemoteSwiftPackageReference "firebase-ios-sdk" */;
			productName = "FirebaseFunctionsCombine-Community";
		};
		261395E22CAEF485001D6BC9 /* FirebaseInAppMessaging-Beta */ = {
			isa = XCSwiftPackageProductDependency;
			package = 261395BD2CAD837A001D6BC9 /* XCRemoteSwiftPackageReference "firebase-ios-sdk" */;
			productName = "FirebaseInAppMessaging-Beta";
		};
		261395E42CAEF485001D6BC9 /* FirebaseInstallations */ = {
			isa = XCSwiftPackageProductDependency;
			package = 261395BD2CAD837A001D6BC9 /* XCRemoteSwiftPackageReference "firebase-ios-sdk" */;
			productName = FirebaseInstallations;
		};
		261395E62CAEF485001D6BC9 /* FirebaseMessaging */ = {
			isa = XCSwiftPackageProductDependency;
			package = 261395BD2CAD837A001D6BC9 /* XCRemoteSwiftPackageReference "firebase-ios-sdk" */;
			productName = FirebaseMessaging;
		};
		261395E82CAEF485001D6BC9 /* FirebaseMLModelDownloader */ = {
			isa = XCSwiftPackageProductDependency;
			package = 261395BD2CAD837A001D6BC9 /* XCRemoteSwiftPackageReference "firebase-ios-sdk" */;
			productName = FirebaseMLModelDownloader;
		};
		261395EA2CAEF485001D6BC9 /* FirebasePerformance */ = {
			isa = XCSwiftPackageProductDependency;
			package = 261395BD2CAD837A001D6BC9 /* XCRemoteSwiftPackageReference "firebase-ios-sdk" */;
			productName = FirebasePerformance;
		};
		261395EC2CAEF485001D6BC9 /* FirebaseRemoteConfig */ = {
			isa = XCSwiftPackageProductDependency;
			package = 261395BD2CAD837A001D6BC9 /* XCRemoteSwiftPackageReference "firebase-ios-sdk" */;
			productName = FirebaseRemoteConfig;
		};
		261395EE2CAEF485001D6BC9 /* FirebaseStorage */ = {
			isa = XCSwiftPackageProductDependency;
			package = 261395BD2CAD837A001D6BC9 /* XCRemoteSwiftPackageReference "firebase-ios-sdk" */;
			productName = FirebaseStorage;
		};
		261395F02CAEF485001D6BC9 /* FirebaseStorageCombine-Community */ = {
			isa = XCSwiftPackageProductDependency;
			package = 261395BD2CAD837A001D6BC9 /* XCRemoteSwiftPackageReference "firebase-ios-sdk" */;
			productName = "FirebaseStorageCombine-Community";
		};
		261396052CB2D543001D6BC9 /* SDWebImageSwiftUI */ = {
			isa = XCSwiftPackageProductDependency;
			package = 261396042CB2D543001D6BC9 /* XCRemoteSwiftPackageReference "SDWebImageSwiftUI" */;
			productName = SDWebImageSwiftUI;
		};
		265C93192DA549C300262DA3 /* WebRTC */ = {
			isa = XCSwiftPackageProductDependency;
			package = 265C93182DA549C300262DA3 /* XCRemoteSwiftPackageReference "WebRTC" */;
			productName = WebRTC;
		};
		265C931B2DA54B1700262DA3 /* FirebaseVertexAI-Preview */ = {
			isa = XCSwiftPackageProductDependency;
			package = 261395BD2CAD837A001D6BC9 /* XCRemoteSwiftPackageReference "firebase-ios-sdk" */;
			productName = "FirebaseVertexAI-Preview";
		};
		26C5F33D2F1A79A500FCAE6B /* FirebaseAuth */ = {
			isa = XCSwiftPackageProductDependency;
			package = 261395BD2CAD837A001D6BC9 /* XCRemoteSwiftPackageReference "firebase-ios-sdk" */;
			productName = FirebaseAuth;
		};
		26C5F33F2F1A79A500FCAE6B /* FirebaseAuthCombine-Community */ = {
			isa = XCSwiftPackageProductDependency;
			package = 261395BD2CAD837A001D6BC9 /* XCRemoteSwiftPackageReference "firebase-ios-sdk" */;
			productName = "FirebaseAuthCombine-Community";
		};
		26C5F3412F1A79A500FCAE6B /* FirebaseCore */ = {
			isa = XCSwiftPackageProductDependency;
			package = 261395BD2CAD837A001D6BC9 /* XCRemoteSwiftPackageReference "firebase-ios-sdk" */;
			productName = FirebaseCore;
		};
		26C5F3432F1A79A500FCAE6B /* FirebaseCrashlytics */ = {
			isa = XCSwiftPackageProductDependency;
			package = 261395BD2CAD837A001D6BC9 /* XCRemoteSwiftPackageReference "firebase-ios-sdk" */;
			productName = FirebaseCrashlytics;
		};
		26C5F3452F1A79A500FCAE6B /* FirebaseDatabase */ = {
			isa = XCSwiftPackageProductDependency;
			package = 261395BD2CAD837A001D6BC9 /* XCRemoteSwiftPackageReference "firebase-ios-sdk" */;
			productName = FirebaseDatabase;
		};
		26C5F3472F1A79A500FCAE6B /* FirebaseDynamicLinks */ = {
			isa = XCSwiftPackageProductDependency;
			package = 261395BD2CAD837A001D6BC9 /* XCRemoteSwiftPackageReference "firebase-ios-sdk" */;
			productName = FirebaseDynamicLinks;
		};
		26C5F3492F1A79A500FCAE6B /* FirebaseFirestore */ = {
			isa = XCSwiftPackageProductDependency;
			package = 261395BD2CAD837A001D6BC9 /* XCRemoteSwiftPackageReference "firebase-ios-sdk" */;
			productName = FirebaseFirestore;
		};
		26CB81472F1A59EA003D4EA4 /* MediaKit */ = {
			isa = XCSwiftPackageProductDependency;
			productName = MediaKit;
		};
		26E2AB642D53B30C00C34A9F /* SocketIO */ = {
			isa = XCSwiftPackageProductDependency;
			package = 26E2AB632D53B30C00C34A9F /* XCRemoteSwiftPackageReference "socket" */;
			productName = SocketIO;
		};
/* End XCSwiftPackageProductDependency section */
	};
	rootObject = 26585A902C99502F005E0008 /* Project object */;
}
